// !$*UTF8*$!
{
	archiveVersion = 1;
	classes = {
	};
	objectVersion = 46;
	objects = {

/* Begin PBXBuildFile section */
		35594425AC7A710C8FD33F42 /* Pods_MyCheckDine_Example_emptyTargetForTesting.framework in Frameworks */ = {isa = PBXBuildFile; fileRef = 7A85665E6E960E5D7B4AB81E /* Pods_MyCheckDine_Example_emptyTargetForTesting.framework */; };
		607FACD61AFB9204008FA782 /* AppDelegate.swift in Sources */ = {isa = PBXBuildFile; fileRef = 607FACD51AFB9204008FA782 /* AppDelegate.swift */; };
		607FACD81AFB9204008FA782 /* ViewController.swift in Sources */ = {isa = PBXBuildFile; fileRef = 607FACD71AFB9204008FA782 /* ViewController.swift */; };
		607FACDB1AFB9204008FA782 /* Main.storyboard in Resources */ = {isa = PBXBuildFile; fileRef = 607FACD91AFB9204008FA782 /* Main.storyboard */; };
		607FACDD1AFB9204008FA782 /* Images.xcassets in Resources */ = {isa = PBXBuildFile; fileRef = 607FACDC1AFB9204008FA782 /* Images.xcassets */; };
		607FACE01AFB9204008FA782 /* LaunchScreen.xib in Resources */ = {isa = PBXBuildFile; fileRef = 607FACDE1AFB9204008FA782 /* LaunchScreen.xib */; };
		AACC0EF745003DAD1E7F02B1 /* Pods_MyCheckDine_Example.framework in Frameworks */ = {isa = PBXBuildFile; fileRef = 0C8777827ECE40BDD56E8B54 /* Pods_MyCheckDine_Example.framework */; };
		B20307A01F0E2BFE00DA8584 /* DelayMock.swift in Sources */ = {isa = PBXBuildFile; fileRef = B203079F1F0E2BFE00DA8584 /* DelayMock.swift */; };
		B20607AD1F1DF95F0029F056 /* ConfigureTest.swift in Sources */ = {isa = PBXBuildFile; fileRef = B20607A51F1DF95F0029F056 /* ConfigureTest.swift */; };
		B20607AE1F1DF95F0029F056 /* LoginTest.swift in Sources */ = {isa = PBXBuildFile; fileRef = B20607A61F1DF95F0029F056 /* LoginTest.swift */; };
		B20607AF1F1DF95F0029F056 /* GenerateCodeTest.swift in Sources */ = {isa = PBXBuildFile; fileRef = B20607A81F1DF95F0029F056 /* GenerateCodeTest.swift */; };
		B20607B01F1DF95F0029F056 /* OrderTest.swift in Sources */ = {isa = PBXBuildFile; fileRef = B20607A91F1DF95F0029F056 /* OrderTest.swift */; };
		B20607B11F1DF95F0029F056 /* PollerTest.swift in Sources */ = {isa = PBXBuildFile; fileRef = B20607AA1F1DF95F0029F056 /* PollerTest.swift */; };
		B20607B21F1DF95F0029F056 /* TestCreditCardValidation.swift in Sources */ = {isa = PBXBuildFile; fileRef = B20607AC1F1DF95F0029F056 /* TestCreditCardValidation.swift */; };
		B226C0B51E1CEB3D0045D73A /* SuperViewController.swift in Sources */ = {isa = PBXBuildFile; fileRef = B226C0B41E1CEB3D0045D73A /* SuperViewController.swift */; };
		B226C0B71E1D423C0045D73A /* DineInViewController.swift in Sources */ = {isa = PBXBuildFile; fileRef = B226C0B61E1D423C0045D73A /* DineInViewController.swift */; };
		B22F35641F1674D700D85946 /* UITextField+doneButton.swift in Sources */ = {isa = PBXBuildFile; fileRef = B22F35631F1674D700D85946 /* UITextField+doneButton.swift */; };
		B23C605D1E18F8B0000A53FB /* .swift-version in Resources */ = {isa = PBXBuildFile; fileRef = B23C605C1E18F8B0000A53FB /* .swift-version */; };
		B24A86DE1F3C8BA500688433 /* DineInWebInteractorTests.swift in Sources */ = {isa = PBXBuildFile; fileRef = B24A86DD1F3C8BA500688433 /* DineInWebInteractorTests.swift */; };
		B24BA4CD1F4C82B6001317CC /* Stubs.swift in Sources */ = {isa = PBXBuildFile; fileRef = B24BA4CC1F4C82B6001317CC /* Stubs.swift */; };
		B24CE7901F60047500DEF760 /* MasterPassCallNative.js in Resources */ = {isa = PBXBuildFile; fileRef = B24CE78D1F60047500DEF760 /* MasterPassCallNative.js */; };
		B24CE7911F60047500DEF760 /* MasterPassNativeResponse.js in Resources */ = {isa = PBXBuildFile; fileRef = B24CE78E1F60047500DEF760 /* MasterPassNativeResponse.js */; };
		B24CE7921F60047500DEF760 /* testMasterPass.html in Resources */ = {isa = PBXBuildFile; fileRef = B24CE78F1F60047500DEF760 /* testMasterPass.html */; };
		B260FB1E1F0CC6C8002605EE /* XCTestCase+JSON.swift in Sources */ = {isa = PBXBuildFile; fileRef = B260FB1A1F0CC6C8002605EE /* XCTestCase+JSON.swift */; };
		B260FB1F1F0CC6C8002605EE /* XCTestCase+Mock.swift in Sources */ = {isa = PBXBuildFile; fileRef = B260FB1B1F0CC6C8002605EE /* XCTestCase+Mock.swift */; };
		B260FB201F0CC6C8002605EE /* RequestProtocolMock.swift in Sources */ = {isa = PBXBuildFile; fileRef = B260FB1D1F0CC6C8002605EE /* RequestProtocolMock.swift */; };
		B260FB231F0CC839002605EE /* configure.json in Resources */ = {isa = PBXBuildFile; fileRef = B260FB211F0CC839002605EE /* configure.json */; };
		B260FB241F0CC839002605EE /* login.json in Resources */ = {isa = PBXBuildFile; fileRef = B260FB221F0CC839002605EE /* login.json */; };
		B26154E81F4456C80047EB0F /* DineInWebViewControllerFactoryTests.swift in Sources */ = {isa = PBXBuildFile; fileRef = B26154E71F4456C80047EB0F /* DineInWebViewControllerFactoryTests.swift */; };
		B270CC7B1F0E57100064983D /* orderDetailsNoItems.json in Resources */ = {isa = PBXBuildFile; fileRef = B270CC7A1F0E57100064983D /* orderDetailsNoItems.json */; };
		B270D7F81E1BEB91009BA1E2 /* ConfigureViewController.swift in Sources */ = {isa = PBXBuildFile; fileRef = B270D7F71E1BEB91009BA1E2 /* ConfigureViewController.swift */; };
		B270D7FA1E1BFB46009BA1E2 /* TerminalViewController.swift in Sources */ = {isa = PBXBuildFile; fileRef = B270D7F91E1BFB46009BA1E2 /* TerminalViewController.swift */; };
		B27D02DC1E1CDE310099E514 /* TerminalModel.swift in Sources */ = {isa = PBXBuildFile; fileRef = B27D02DB1E1CDE310099E514 /* TerminalModel.swift */; };
		B27D02DE1E1CE2900099E514 /* SessionViewController.swift in Sources */ = {isa = PBXBuildFile; fileRef = B27D02DD1E1CE2900099E514 /* SessionViewController.swift */; };
		B2818B471F5FDCE700DC7F77 /* AddMasterPassPresenterTests.swift in Sources */ = {isa = PBXBuildFile; fileRef = B2818B431F5FDCE700DC7F77 /* AddMasterPassPresenterTests.swift */; };
		B2818B481F5FDCE700DC7F77 /* AddMasterPassViewControllerTests.swift in Sources */ = {isa = PBXBuildFile; fileRef = B2818B441F5FDCE700DC7F77 /* AddMasterPassViewControllerTests.swift */; };
		B2818B491F5FDCE700DC7F77 /* AddMasterPassCallHandlerTests.swift in Sources */ = {isa = PBXBuildFile; fileRef = B2818B451F5FDCE700DC7F77 /* AddMasterPassCallHandlerTests.swift */; };
		B289F9A21F3091AD00CEC772 /* PaymentMethods.json in Resources */ = {isa = PBXBuildFile; fileRef = B289F9A01F3091A800CEC772 /* PaymentMethods.json */; };
		B289F9A51F3091D400CEC772 /* AddCreditCardInteractorTest.swift in Sources */ = {isa = PBXBuildFile; fileRef = B289F9A31F3091D400CEC772 /* AddCreditCardInteractorTest.swift */; };
		B289F9A61F3091D400CEC772 /* AddCreditCardPresenterTest.swift in Sources */ = {isa = PBXBuildFile; fileRef = B289F9A41F3091D400CEC772 /* AddCreditCardPresenterTest.swift */; };
		B289F9A81F3091EF00CEC772 /* KeyValueStorageProtocolMockAndSpy.swift in Sources */ = {isa = PBXBuildFile; fileRef = B289F9A71F3091EF00CEC772 /* KeyValueStorageProtocolMockAndSpy.swift */; };
		B28F794C1F4EC9BD00502BAC /* ShowDineInWebViewController.swift in Sources */ = {isa = PBXBuildFile; fileRef = B28F794B1F4EC9BD00502BAC /* ShowDineInWebViewController.swift */; };
		B296BE151F33343000E5657C /* addCreditCard.json in Resources */ = {isa = PBXBuildFile; fileRef = B296BE141F33343000E5657C /* addCreditCard.json */; };
		B2A31D461F442C140090D0EF /* DineInWebPresenterTests.swift in Sources */ = {isa = PBXBuildFile; fileRef = B2A31D421F442C140090D0EF /* DineInWebPresenterTests.swift */; };
		B2A31D471F442C140090D0EF /* DineInWebViewControllerTests.swift in Sources */ = {isa = PBXBuildFile; fileRef = B2A31D431F442C140090D0EF /* DineInWebViewControllerTests.swift */; };
		B2A31D4A1F4430DC0090D0EF /* NativeCallHandlerTests.swift in Sources */ = {isa = PBXBuildFile; fileRef = B2A31D491F4430DC0090D0EF /* NativeCallHandlerTests.swift */; };
		B2A8A1111F4975F500A25D05 /* DineTests.swift in Sources */ = {isa = PBXBuildFile; fileRef = B2A8A1101F4975F500A25D05 /* DineTests.swift */; };
		B2A8A1131F49768900A25D05 /* friendList.json in Resources */ = {isa = PBXBuildFile; fileRef = B2A8A1121F49768900A25D05 /* friendList.json */; };
		B2AA60241F49A1A000826612 /* usageStats.json in Resources */ = {isa = PBXBuildFile; fileRef = B2368C401F499B4B00192DDF /* usageStats.json */; };
		B2AA60281F49B1C300826612 /* orderList.json in Resources */ = {isa = PBXBuildFile; fileRef = B2AA60271F49B1C300826612 /* orderList.json */; };
		B2AD9B6E1F0BE95900059FAA /* generateCode.json in Resources */ = {isa = PBXBuildFile; fileRef = B2AD9B6D1F0BE95900059FAA /* generateCode.json */; };
		B2AD9B701F0BE99F00059FAA /* orderDetails.json in Resources */ = {isa = PBXBuildFile; fileRef = B2AD9B6F1F0BE99F00059FAA /* orderDetails.json */; };
		B2C7A4271F13836900A96A24 /* AppDelegate.swift in Sources */ = {isa = PBXBuildFile; fileRef = B2C7A4261F13836900A96A24 /* AppDelegate.swift */; };
		B2C7A4291F13836900A96A24 /* ViewController.swift in Sources */ = {isa = PBXBuildFile; fileRef = B2C7A4281F13836900A96A24 /* ViewController.swift */; };
		B2C7A42C1F13836900A96A24 /* Main.storyboard in Resources */ = {isa = PBXBuildFile; fileRef = B2C7A42A1F13836900A96A24 /* Main.storyboard */; };
		B2C7A42E1F13836900A96A24 /* Assets.xcassets in Resources */ = {isa = PBXBuildFile; fileRef = B2C7A42D1F13836900A96A24 /* Assets.xcassets */; };
		B2C7A4311F13836900A96A24 /* LaunchScreen.storyboard in Resources */ = {isa = PBXBuildFile; fileRef = B2C7A42F1F13836900A96A24 /* LaunchScreen.storyboard */; };
		B2F31E1D1EF9500200071869 /* WalletUIViewController.swift in Sources */ = {isa = PBXBuildFile; fileRef = B2F31E1C1EF9500200071869 /* WalletUIViewController.swift */; };
		B2F31E201EF96D4800071869 /* LocalDataa.swift in Sources */ = {isa = PBXBuildFile; fileRef = B2F31E1F1EF96D4800071869 /* LocalDataa.swift */; };
		D1A397DB56551F362C76CA3E /* Pods_MyCheckDine_Tests.framework in Frameworks */ = {isa = PBXBuildFile; fileRef = 0A88F68AB93E936A417661F7 /* Pods_MyCheckDine_Tests.framework */; };
/* End PBXBuildFile section */

/* Begin PBXContainerItemProxy section */
		607FACE61AFB9204008FA782 /* PBXContainerItemProxy */ = {
			isa = PBXContainerItemProxy;
			containerPortal = 607FACC81AFB9204008FA782 /* Project object */;
			proxyType = 1;
			remoteGlobalIDString = 607FACCF1AFB9204008FA782;
			remoteInfo = MyCheckRestaurantSDK;
		};
		B2C7A4361F1383B900A96A24 /* PBXContainerItemProxy */ = {
			isa = PBXContainerItemProxy;
			containerPortal = 607FACC81AFB9204008FA782 /* Project object */;
			proxyType = 1;
			remoteGlobalIDString = B2C7A4231F13836900A96A24;
			remoteInfo = emptyTargetForTesting;
		};
/* End PBXContainerItemProxy section */

/* Begin PBXCopyFilesBuildPhase section */
		B26684ED1E10FF9C00F70333 /* CopyFiles */ = {
			isa = PBXCopyFilesBuildPhase;
			buildActionMask = 2147483647;
			dstPath = "";
			dstSubfolderSpec = 10;
			files = (
			);
			runOnlyForDeploymentPostprocessing = 0;
		};
/* End PBXCopyFilesBuildPhase section */

/* Begin PBXFileReference section */
		060FDB2BC2F2E9FAE856A201 /* Pods-MyCheckRestaurantSDK_Example.release.xcconfig */ = {isa = PBXFileReference; includeInIndex = 1; lastKnownFileType = text.xcconfig; name = "Pods-MyCheckRestaurantSDK_Example.release.xcconfig"; path = "Pods/Target Support Files/Pods-MyCheckRestaurantSDK_Example/Pods-MyCheckRestaurantSDK_Example.release.xcconfig"; sourceTree = "<group>"; };
		08153F3AEF6981F1258DB738 /* Pods-MyCheckDine_Example-emptyTargetForTesting.debug.xcconfig */ = {isa = PBXFileReference; includeInIndex = 1; lastKnownFileType = text.xcconfig; name = "Pods-MyCheckDine_Example-emptyTargetForTesting.debug.xcconfig"; path = "Pods/Target Support Files/Pods-MyCheckDine_Example-emptyTargetForTesting/Pods-MyCheckDine_Example-emptyTargetForTesting.debug.xcconfig"; sourceTree = "<group>"; };
		0A88F68AB93E936A417661F7 /* Pods_MyCheckDine_Tests.framework */ = {isa = PBXFileReference; explicitFileType = wrapper.framework; includeInIndex = 0; path = Pods_MyCheckDine_Tests.framework; sourceTree = BUILT_PRODUCTS_DIR; };
		0C8777827ECE40BDD56E8B54 /* Pods_MyCheckDine_Example.framework */ = {isa = PBXFileReference; explicitFileType = wrapper.framework; includeInIndex = 0; path = Pods_MyCheckDine_Example.framework; sourceTree = BUILT_PRODUCTS_DIR; };
		15F66573FD20BF10761F1487 /* MyCheckDine.podspec */ = {isa = PBXFileReference; includeInIndex = 1; lastKnownFileType = text; name = MyCheckDine.podspec; path = ../MyCheckDine.podspec; sourceTree = "<group>"; };
		2DDD64FD05C9182140CF5716 /* Pods-MyCheckDine_Example.debug.xcconfig */ = {isa = PBXFileReference; includeInIndex = 1; lastKnownFileType = text.xcconfig; name = "Pods-MyCheckDine_Example.debug.xcconfig"; path = "Pods/Target Support Files/Pods-MyCheckDine_Example/Pods-MyCheckDine_Example.debug.xcconfig"; sourceTree = "<group>"; };
		32F4246BC618232882FC9B45 /* LICENSE */ = {isa = PBXFileReference; includeInIndex = 1; lastKnownFileType = text; name = LICENSE; path = ../LICENSE; sourceTree = "<group>"; };
		488832329D22CA63F725C578 /* Pods-MyCheckDine_Example-emptyTargetForTesting.release.xcconfig */ = {isa = PBXFileReference; includeInIndex = 1; lastKnownFileType = text.xcconfig; name = "Pods-MyCheckDine_Example-emptyTargetForTesting.release.xcconfig"; path = "Pods/Target Support Files/Pods-MyCheckDine_Example-emptyTargetForTesting/Pods-MyCheckDine_Example-emptyTargetForTesting.release.xcconfig"; sourceTree = "<group>"; };
		530E4AD3F8594658A124A64C /* Pods-MyCheckDine_Example.release.xcconfig */ = {isa = PBXFileReference; includeInIndex = 1; lastKnownFileType = text.xcconfig; name = "Pods-MyCheckDine_Example.release.xcconfig"; path = "Pods/Target Support Files/Pods-MyCheckDine_Example/Pods-MyCheckDine_Example.release.xcconfig"; sourceTree = "<group>"; };
		588BFADB052CA7C45BF8B093 /* Pods_MyCheckRestaurantSDK_Example.framework */ = {isa = PBXFileReference; explicitFileType = wrapper.framework; includeInIndex = 0; path = Pods_MyCheckRestaurantSDK_Example.framework; sourceTree = BUILT_PRODUCTS_DIR; };
		607FACD01AFB9204008FA782 /* MyCheckDine_Example.app */ = {isa = PBXFileReference; explicitFileType = wrapper.application; includeInIndex = 0; path = MyCheckDine_Example.app; sourceTree = BUILT_PRODUCTS_DIR; };
		607FACD41AFB9204008FA782 /* Info.plist */ = {isa = PBXFileReference; lastKnownFileType = text.plist.xml; path = Info.plist; sourceTree = "<group>"; };
		607FACD51AFB9204008FA782 /* AppDelegate.swift */ = {isa = PBXFileReference; lastKnownFileType = sourcecode.swift; path = AppDelegate.swift; sourceTree = "<group>"; };
		607FACD71AFB9204008FA782 /* ViewController.swift */ = {isa = PBXFileReference; lastKnownFileType = sourcecode.swift; path = ViewController.swift; sourceTree = "<group>"; };
		607FACDA1AFB9204008FA782 /* Base */ = {isa = PBXFileReference; lastKnownFileType = file.storyboard; name = Base; path = Base.lproj/Main.storyboard; sourceTree = "<group>"; };
		607FACDC1AFB9204008FA782 /* Images.xcassets */ = {isa = PBXFileReference; lastKnownFileType = folder.assetcatalog; path = Images.xcassets; sourceTree = "<group>"; };
		607FACDF1AFB9204008FA782 /* Base */ = {isa = PBXFileReference; lastKnownFileType = file.xib; name = Base; path = Base.lproj/LaunchScreen.xib; sourceTree = "<group>"; };
		607FACE51AFB9204008FA782 /* MyCheckDine_Tests.xctest */ = {isa = PBXFileReference; explicitFileType = wrapper.cfbundle; includeInIndex = 0; path = MyCheckDine_Tests.xctest; sourceTree = BUILT_PRODUCTS_DIR; };
		607FACEA1AFB9204008FA782 /* Info.plist */ = {isa = PBXFileReference; lastKnownFileType = text.plist.xml; path = Info.plist; sourceTree = "<group>"; };
		7A85665E6E960E5D7B4AB81E /* Pods_MyCheckDine_Example_emptyTargetForTesting.framework */ = {isa = PBXFileReference; explicitFileType = wrapper.framework; includeInIndex = 0; path = Pods_MyCheckDine_Example_emptyTargetForTesting.framework; sourceTree = BUILT_PRODUCTS_DIR; };
		919B2B1C4D9D481EF48AB9DC /* Pods_MyCheckRestaurantSDK_Tests.framework */ = {isa = PBXFileReference; explicitFileType = wrapper.framework; includeInIndex = 0; path = Pods_MyCheckRestaurantSDK_Tests.framework; sourceTree = BUILT_PRODUCTS_DIR; };
		9787D4C46B71BCD711F3E761 /* README.md */ = {isa = PBXFileReference; includeInIndex = 1; lastKnownFileType = net.daringfireball.markdown; name = README.md; path = ../README.md; sourceTree = "<group>"; };
		9C75D87B997A0518F223A428 /* Pods-MyCheckDine_Tests.debug.xcconfig */ = {isa = PBXFileReference; includeInIndex = 1; lastKnownFileType = text.xcconfig; name = "Pods-MyCheckDine_Tests.debug.xcconfig"; path = "Pods/Target Support Files/Pods-MyCheckDine_Tests/Pods-MyCheckDine_Tests.debug.xcconfig"; sourceTree = "<group>"; };
		B203079F1F0E2BFE00DA8584 /* DelayMock.swift */ = {isa = PBXFileReference; fileEncoding = 4; lastKnownFileType = sourcecode.swift; path = DelayMock.swift; sourceTree = "<group>"; };
		B20607A51F1DF95F0029F056 /* ConfigureTest.swift */ = {isa = PBXFileReference; fileEncoding = 4; lastKnownFileType = sourcecode.swift; path = ConfigureTest.swift; sourceTree = "<group>"; };
		B20607A61F1DF95F0029F056 /* LoginTest.swift */ = {isa = PBXFileReference; fileEncoding = 4; lastKnownFileType = sourcecode.swift; path = LoginTest.swift; sourceTree = "<group>"; };
		B20607A81F1DF95F0029F056 /* GenerateCodeTest.swift */ = {isa = PBXFileReference; fileEncoding = 4; lastKnownFileType = sourcecode.swift; path = GenerateCodeTest.swift; sourceTree = "<group>"; };
		B20607A91F1DF95F0029F056 /* OrderTest.swift */ = {isa = PBXFileReference; fileEncoding = 4; lastKnownFileType = sourcecode.swift; path = OrderTest.swift; sourceTree = "<group>"; };
		B20607AA1F1DF95F0029F056 /* PollerTest.swift */ = {isa = PBXFileReference; fileEncoding = 4; lastKnownFileType = sourcecode.swift; path = PollerTest.swift; sourceTree = "<group>"; };
		B20607AC1F1DF95F0029F056 /* TestCreditCardValidation.swift */ = {isa = PBXFileReference; fileEncoding = 4; lastKnownFileType = sourcecode.swift; path = TestCreditCardValidation.swift; sourceTree = "<group>"; };
		B226C0B41E1CEB3D0045D73A /* SuperViewController.swift */ = {isa = PBXFileReference; fileEncoding = 4; lastKnownFileType = sourcecode.swift; path = SuperViewController.swift; sourceTree = "<group>"; };
		B226C0B61E1D423C0045D73A /* DineInViewController.swift */ = {isa = PBXFileReference; fileEncoding = 4; lastKnownFileType = sourcecode.swift; path = DineInViewController.swift; sourceTree = "<group>"; };
		B22F35631F1674D700D85946 /* UITextField+doneButton.swift */ = {isa = PBXFileReference; fileEncoding = 4; lastKnownFileType = sourcecode.swift; path = "UITextField+doneButton.swift"; sourceTree = "<group>"; };
		B2368C401F499B4B00192DDF /* usageStats.json */ = {isa = PBXFileReference; fileEncoding = 4; lastKnownFileType = text.json; path = usageStats.json; sourceTree = "<group>"; };
		B23C605C1E18F8B0000A53FB /* .swift-version */ = {isa = PBXFileReference; fileEncoding = 4; lastKnownFileType = text; path = ".swift-version"; sourceTree = "<group>"; };
		B24A86DD1F3C8BA500688433 /* DineInWebInteractorTests.swift */ = {isa = PBXFileReference; fileEncoding = 4; lastKnownFileType = sourcecode.swift; path = DineInWebInteractorTests.swift; sourceTree = "<group>"; };
		B24BA4CC1F4C82B6001317CC /* Stubs.swift */ = {isa = PBXFileReference; fileEncoding = 4; lastKnownFileType = sourcecode.swift; path = Stubs.swift; sourceTree = "<group>"; };
		B24CE78D1F60047500DEF760 /* MasterPassCallNative.js */ = {isa = PBXFileReference; fileEncoding = 4; lastKnownFileType = sourcecode.javascript; path = MasterPassCallNative.js; sourceTree = "<group>"; };
		B24CE78E1F60047500DEF760 /* MasterPassNativeResponse.js */ = {isa = PBXFileReference; fileEncoding = 4; lastKnownFileType = sourcecode.javascript; path = MasterPassNativeResponse.js; sourceTree = "<group>"; };
		B24CE78F1F60047500DEF760 /* testMasterPass.html */ = {isa = PBXFileReference; fileEncoding = 4; lastKnownFileType = text.html; path = testMasterPass.html; sourceTree = "<group>"; };
		B260FB1A1F0CC6C8002605EE /* XCTestCase+JSON.swift */ = {isa = PBXFileReference; fileEncoding = 4; lastKnownFileType = sourcecode.swift; path = "XCTestCase+JSON.swift"; sourceTree = "<group>"; };
		B260FB1B1F0CC6C8002605EE /* XCTestCase+Mock.swift */ = {isa = PBXFileReference; fileEncoding = 4; lastKnownFileType = sourcecode.swift; path = "XCTestCase+Mock.swift"; sourceTree = "<group>"; };
		B260FB1D1F0CC6C8002605EE /* RequestProtocolMock.swift */ = {isa = PBXFileReference; fileEncoding = 4; lastKnownFileType = sourcecode.swift; path = RequestProtocolMock.swift; sourceTree = "<group>"; };
		B260FB211F0CC839002605EE /* configure.json */ = {isa = PBXFileReference; fileEncoding = 4; lastKnownFileType = text.json; path = configure.json; sourceTree = "<group>"; };
		B260FB221F0CC839002605EE /* login.json */ = {isa = PBXFileReference; fileEncoding = 4; lastKnownFileType = text.json; path = login.json; sourceTree = "<group>"; };
		B26154E71F4456C80047EB0F /* DineInWebViewControllerFactoryTests.swift */ = {isa = PBXFileReference; fileEncoding = 4; lastKnownFileType = sourcecode.swift; path = DineInWebViewControllerFactoryTests.swift; sourceTree = "<group>"; };
		B26684EB1E10FF2600F70333 /* MyCheckRestaurantSDK.framework */ = {isa = PBXFileReference; lastKnownFileType = wrapper.framework; name = MyCheckRestaurantSDK.framework; path = "../../../../Library/Developer/Xcode/DerivedData/MyCheckRestaurantSDK-cjwuavyjcpczalftirzbloemtatw/Build/Products/Debug-iphonesimulator/MyCheckRestaurantSDK/MyCheckRestaurantSDK.framework"; sourceTree = "<group>"; };
		B270CC7A1F0E57100064983D /* orderDetailsNoItems.json */ = {isa = PBXFileReference; fileEncoding = 4; lastKnownFileType = text.json; path = orderDetailsNoItems.json; sourceTree = "<group>"; };
		B270D7F71E1BEB91009BA1E2 /* ConfigureViewController.swift */ = {isa = PBXFileReference; fileEncoding = 4; lastKnownFileType = sourcecode.swift; path = ConfigureViewController.swift; sourceTree = "<group>"; };
		B270D7F91E1BFB46009BA1E2 /* TerminalViewController.swift */ = {isa = PBXFileReference; fileEncoding = 4; lastKnownFileType = sourcecode.swift; path = TerminalViewController.swift; sourceTree = "<group>"; };
		B27D02DB1E1CDE310099E514 /* TerminalModel.swift */ = {isa = PBXFileReference; fileEncoding = 4; lastKnownFileType = sourcecode.swift; path = TerminalModel.swift; sourceTree = "<group>"; };
		B27D02DD1E1CE2900099E514 /* SessionViewController.swift */ = {isa = PBXFileReference; fileEncoding = 4; lastKnownFileType = sourcecode.swift; path = SessionViewController.swift; sourceTree = "<group>"; };
		B2818B431F5FDCE700DC7F77 /* AddMasterPassPresenterTests.swift */ = {isa = PBXFileReference; fileEncoding = 4; lastKnownFileType = sourcecode.swift; path = AddMasterPassPresenterTests.swift; sourceTree = "<group>"; };
		B2818B441F5FDCE700DC7F77 /* AddMasterPassViewControllerTests.swift */ = {isa = PBXFileReference; fileEncoding = 4; lastKnownFileType = sourcecode.swift; path = AddMasterPassViewControllerTests.swift; sourceTree = "<group>"; };
		B2818B451F5FDCE700DC7F77 /* AddMasterPassCallHandlerTests.swift */ = {isa = PBXFileReference; fileEncoding = 4; lastKnownFileType = sourcecode.swift; path = AddMasterPassCallHandlerTests.swift; sourceTree = "<group>"; };
		B289F9A01F3091A800CEC772 /* PaymentMethods.json */ = {isa = PBXFileReference; fileEncoding = 4; lastKnownFileType = text.json; path = PaymentMethods.json; sourceTree = "<group>"; };
		B289F9A31F3091D400CEC772 /* AddCreditCardInteractorTest.swift */ = {isa = PBXFileReference; fileEncoding = 4; lastKnownFileType = sourcecode.swift; path = AddCreditCardInteractorTest.swift; sourceTree = "<group>"; };
		B289F9A41F3091D400CEC772 /* AddCreditCardPresenterTest.swift */ = {isa = PBXFileReference; fileEncoding = 4; lastKnownFileType = sourcecode.swift; path = AddCreditCardPresenterTest.swift; sourceTree = "<group>"; };
		B289F9A71F3091EF00CEC772 /* KeyValueStorageProtocolMockAndSpy.swift */ = {isa = PBXFileReference; fileEncoding = 4; lastKnownFileType = sourcecode.swift; path = KeyValueStorageProtocolMockAndSpy.swift; sourceTree = "<group>"; };
		B28F794B1F4EC9BD00502BAC /* ShowDineInWebViewController.swift */ = {isa = PBXFileReference; fileEncoding = 4; lastKnownFileType = sourcecode.swift; path = ShowDineInWebViewController.swift; sourceTree = "<group>"; };
		B296BE141F33343000E5657C /* addCreditCard.json */ = {isa = PBXFileReference; fileEncoding = 4; lastKnownFileType = text.json; path = addCreditCard.json; sourceTree = "<group>"; };
		B2A31D421F442C140090D0EF /* DineInWebPresenterTests.swift */ = {isa = PBXFileReference; fileEncoding = 4; lastKnownFileType = sourcecode.swift; path = DineInWebPresenterTests.swift; sourceTree = "<group>"; };
		B2A31D431F442C140090D0EF /* DineInWebViewControllerTests.swift */ = {isa = PBXFileReference; fileEncoding = 4; lastKnownFileType = sourcecode.swift; path = DineInWebViewControllerTests.swift; sourceTree = "<group>"; };
		B2A31D491F4430DC0090D0EF /* NativeCallHandlerTests.swift */ = {isa = PBXFileReference; fileEncoding = 4; lastKnownFileType = sourcecode.swift; path = NativeCallHandlerTests.swift; sourceTree = "<group>"; };
		B2A8A1101F4975F500A25D05 /* DineTests.swift */ = {isa = PBXFileReference; fileEncoding = 4; lastKnownFileType = sourcecode.swift; path = DineTests.swift; sourceTree = "<group>"; };
		B2A8A1121F49768900A25D05 /* friendList.json */ = {isa = PBXFileReference; fileEncoding = 4; lastKnownFileType = text.json; path = friendList.json; sourceTree = "<group>"; };
		B2AA60271F49B1C300826612 /* orderList.json */ = {isa = PBXFileReference; fileEncoding = 4; lastKnownFileType = text.json; path = orderList.json; sourceTree = "<group>"; };
		B2AD9B6D1F0BE95900059FAA /* generateCode.json */ = {isa = PBXFileReference; fileEncoding = 4; lastKnownFileType = text.json; path = generateCode.json; sourceTree = "<group>"; };
		B2AD9B6F1F0BE99F00059FAA /* orderDetails.json */ = {isa = PBXFileReference; fileEncoding = 4; lastKnownFileType = text.json; path = orderDetails.json; sourceTree = "<group>"; };
		B2C0DB3B1F0A5C21001E4BAA /* MyCheckDine_Example.entitlements */ = {isa = PBXFileReference; lastKnownFileType = text.plist.entitlements; path = MyCheckDine_Example.entitlements; sourceTree = "<group>"; };
		B2C7A4241F13836900A96A24 /* emptyTargetForTesting.app */ = {isa = PBXFileReference; explicitFileType = wrapper.application; includeInIndex = 0; path = emptyTargetForTesting.app; sourceTree = BUILT_PRODUCTS_DIR; };
		B2C7A4261F13836900A96A24 /* AppDelegate.swift */ = {isa = PBXFileReference; lastKnownFileType = sourcecode.swift; path = AppDelegate.swift; sourceTree = "<group>"; };
		B2C7A4281F13836900A96A24 /* ViewController.swift */ = {isa = PBXFileReference; lastKnownFileType = sourcecode.swift; path = ViewController.swift; sourceTree = "<group>"; };
		B2C7A42B1F13836900A96A24 /* Base */ = {isa = PBXFileReference; lastKnownFileType = file.storyboard; name = Base; path = Base.lproj/Main.storyboard; sourceTree = "<group>"; };
		B2C7A42D1F13836900A96A24 /* Assets.xcassets */ = {isa = PBXFileReference; lastKnownFileType = folder.assetcatalog; path = Assets.xcassets; sourceTree = "<group>"; };
		B2C7A4301F13836900A96A24 /* Base */ = {isa = PBXFileReference; lastKnownFileType = file.storyboard; name = Base; path = Base.lproj/LaunchScreen.storyboard; sourceTree = "<group>"; };
		B2C7A4321F13836900A96A24 /* Info.plist */ = {isa = PBXFileReference; lastKnownFileType = text.plist.xml; path = Info.plist; sourceTree = "<group>"; };
		B2CBB8E01E193197001F9827 /* MyCheckDine_Example copy-Info.plist */ = {isa = PBXFileReference; lastKnownFileType = text.plist.xml; path = "MyCheckDine_Example copy-Info.plist"; sourceTree = "<group>"; };
		B2F31E1C1EF9500200071869 /* WalletUIViewController.swift */ = {isa = PBXFileReference; fileEncoding = 4; lastKnownFileType = sourcecode.swift; path = WalletUIViewController.swift; sourceTree = "<group>"; };
		B2F31E1F1EF96D4800071869 /* LocalDataa.swift */ = {isa = PBXFileReference; fileEncoding = 4; lastKnownFileType = sourcecode.swift; path = LocalDataa.swift; sourceTree = "<group>"; };
		BB649913DED3B30609D47FF3 /* Pods-MyCheckRestaurantSDK_Tests.debug.xcconfig */ = {isa = PBXFileReference; includeInIndex = 1; lastKnownFileType = text.xcconfig; name = "Pods-MyCheckRestaurantSDK_Tests.debug.xcconfig"; path = "Pods/Target Support Files/Pods-MyCheckRestaurantSDK_Tests/Pods-MyCheckRestaurantSDK_Tests.debug.xcconfig"; sourceTree = "<group>"; };
		CCD3F73094258BA367DE009F /* Pods-MyCheckRestaurantSDK_Example.debug.xcconfig */ = {isa = PBXFileReference; includeInIndex = 1; lastKnownFileType = text.xcconfig; name = "Pods-MyCheckRestaurantSDK_Example.debug.xcconfig"; path = "Pods/Target Support Files/Pods-MyCheckRestaurantSDK_Example/Pods-MyCheckRestaurantSDK_Example.debug.xcconfig"; sourceTree = "<group>"; };
		DB3D683553F00FF3F74E42AD /* Pods-MyCheckDine_Tests.release.xcconfig */ = {isa = PBXFileReference; includeInIndex = 1; lastKnownFileType = text.xcconfig; name = "Pods-MyCheckDine_Tests.release.xcconfig"; path = "Pods/Target Support Files/Pods-MyCheckDine_Tests/Pods-MyCheckDine_Tests.release.xcconfig"; sourceTree = "<group>"; };
		E158CB0F99E35C49B647BE39 /* Pods-MyCheckRestaurantSDK_Tests.release.xcconfig */ = {isa = PBXFileReference; includeInIndex = 1; lastKnownFileType = text.xcconfig; name = "Pods-MyCheckRestaurantSDK_Tests.release.xcconfig"; path = "Pods/Target Support Files/Pods-MyCheckRestaurantSDK_Tests/Pods-MyCheckRestaurantSDK_Tests.release.xcconfig"; sourceTree = "<group>"; };
/* End PBXFileReference section */

/* Begin PBXFrameworksBuildPhase section */
		607FACCD1AFB9204008FA782 /* Frameworks */ = {
			isa = PBXFrameworksBuildPhase;
			buildActionMask = 2147483647;
			files = (
				AACC0EF745003DAD1E7F02B1 /* Pods_MyCheckDine_Example.framework in Frameworks */,
			);
			runOnlyForDeploymentPostprocessing = 0;
		};
		607FACE21AFB9204008FA782 /* Frameworks */ = {
			isa = PBXFrameworksBuildPhase;
			buildActionMask = 2147483647;
			files = (
				D1A397DB56551F362C76CA3E /* Pods_MyCheckDine_Tests.framework in Frameworks */,
			);
			runOnlyForDeploymentPostprocessing = 0;
		};
		B2C7A4211F13836900A96A24 /* Frameworks */ = {
			isa = PBXFrameworksBuildPhase;
			buildActionMask = 2147483647;
			files = (
				35594425AC7A710C8FD33F42 /* Pods_MyCheckDine_Example_emptyTargetForTesting.framework in Frameworks */,
			);
			runOnlyForDeploymentPostprocessing = 0;
		};
/* End PBXFrameworksBuildPhase section */

/* Begin PBXGroup section */
		607FACC71AFB9204008FA782 = {
			isa = PBXGroup;
			children = (
				B2C0DB3B1F0A5C21001E4BAA /* MyCheckDine_Example.entitlements */,
				607FACF51AFB993E008FA782 /* Podspec Metadata */,
				607FACD21AFB9204008FA782 /* Example for MyCheckRestaurantSDK */,
				607FACE81AFB9204008FA782 /* Tests */,
				B2C7A4251F13836900A96A24 /* emptyTargetForTesting */,
				607FACD11AFB9204008FA782 /* Products */,
				6F9E621C9ACBE7C3396FF004 /* Pods */,
				8B4428991692D0ECF6B5F995 /* Frameworks */,
				B2CBB8E01E193197001F9827 /* MyCheckDine_Example copy-Info.plist */,
			);
			sourceTree = "<group>";
		};
		607FACD11AFB9204008FA782 /* Products */ = {
			isa = PBXGroup;
			children = (
				607FACD01AFB9204008FA782 /* MyCheckDine_Example.app */,
				607FACE51AFB9204008FA782 /* MyCheckDine_Tests.xctest */,
				B2C7A4241F13836900A96A24 /* emptyTargetForTesting.app */,
			);
			name = Products;
			sourceTree = "<group>";
		};
		607FACD21AFB9204008FA782 /* Example for MyCheckRestaurantSDK */ = {
			isa = PBXGroup;
			children = (
				B2F31E1E1EF96CD000071869 /* Helper tools */,
				B27D02DA1E1CDDDB0099E514 /* model */,
				B270D7F61E1BEB6F009BA1E2 /* ViewControllers */,
				607FACD51AFB9204008FA782 /* AppDelegate.swift */,
				607FACD71AFB9204008FA782 /* ViewController.swift */,
				607FACD91AFB9204008FA782 /* Main.storyboard */,
				607FACDC1AFB9204008FA782 /* Images.xcassets */,
				607FACDE1AFB9204008FA782 /* LaunchScreen.xib */,
				607FACD31AFB9204008FA782 /* Supporting Files */,
			);
			name = "Example for MyCheckRestaurantSDK";
			path = MyCheckRestaurantSDK;
			sourceTree = "<group>";
		};
		607FACD31AFB9204008FA782 /* Supporting Files */ = {
			isa = PBXGroup;
			children = (
				607FACD41AFB9204008FA782 /* Info.plist */,
			);
			name = "Supporting Files";
			sourceTree = "<group>";
		};
		607FACE81AFB9204008FA782 /* Tests */ = {
			isa = PBXGroup;
			children = (
				B24A86DC1F3C8B8E00688433 /* WebInterface */,
				B20607A41F1DF95F0029F056 /* Core */,
				B20607A71F1DF95F0029F056 /* Dine */,
				B20607AB1F1DF95F0029F056 /* Wallet */,
				B260FB191F0CC6C8002605EE /* helpTools */,
				B260FB1C1F0CC6C8002605EE /* mock and spy Objects */,
				B223A4261F4321F100A9AC09 /* stubs */,
				B2AD9B6C1F0BE94000059FAA /* JSON */,
				607FACE91AFB9204008FA782 /* Supporting Files */,
			);
			path = Tests;
			sourceTree = "<group>";
		};
		607FACE91AFB9204008FA782 /* Supporting Files */ = {
			isa = PBXGroup;
			children = (
				607FACEA1AFB9204008FA782 /* Info.plist */,
			);
			name = "Supporting Files";
			sourceTree = "<group>";
		};
		607FACF51AFB993E008FA782 /* Podspec Metadata */ = {
			isa = PBXGroup;
			children = (
				15F66573FD20BF10761F1487 /* MyCheckDine.podspec */,
				9787D4C46B71BCD711F3E761 /* README.md */,
				32F4246BC618232882FC9B45 /* LICENSE */,
				B23C605C1E18F8B0000A53FB /* .swift-version */,
			);
			name = "Podspec Metadata";
			sourceTree = "<group>";
		};
		6F9E621C9ACBE7C3396FF004 /* Pods */ = {
			isa = PBXGroup;
			children = (
				BB649913DED3B30609D47FF3 /* Pods-MyCheckRestaurantSDK_Tests.debug.xcconfig */,
				E158CB0F99E35C49B647BE39 /* Pods-MyCheckRestaurantSDK_Tests.release.xcconfig */,
				CCD3F73094258BA367DE009F /* Pods-MyCheckRestaurantSDK_Example.debug.xcconfig */,
				060FDB2BC2F2E9FAE856A201 /* Pods-MyCheckRestaurantSDK_Example.release.xcconfig */,
				2DDD64FD05C9182140CF5716 /* Pods-MyCheckDine_Example.debug.xcconfig */,
				530E4AD3F8594658A124A64C /* Pods-MyCheckDine_Example.release.xcconfig */,
				9C75D87B997A0518F223A428 /* Pods-MyCheckDine_Tests.debug.xcconfig */,
				DB3D683553F00FF3F74E42AD /* Pods-MyCheckDine_Tests.release.xcconfig */,
				08153F3AEF6981F1258DB738 /* Pods-MyCheckDine_Example-emptyTargetForTesting.debug.xcconfig */,
				488832329D22CA63F725C578 /* Pods-MyCheckDine_Example-emptyTargetForTesting.release.xcconfig */,
			);
			name = Pods;
			sourceTree = "<group>";
		};
		8B4428991692D0ECF6B5F995 /* Frameworks */ = {
			isa = PBXGroup;
			children = (
				B26684EB1E10FF2600F70333 /* MyCheckRestaurantSDK.framework */,
				588BFADB052CA7C45BF8B093 /* Pods_MyCheckRestaurantSDK_Example.framework */,
				919B2B1C4D9D481EF48AB9DC /* Pods_MyCheckRestaurantSDK_Tests.framework */,
				0C8777827ECE40BDD56E8B54 /* Pods_MyCheckDine_Example.framework */,
				0A88F68AB93E936A417661F7 /* Pods_MyCheckDine_Tests.framework */,
				7A85665E6E960E5D7B4AB81E /* Pods_MyCheckDine_Example_emptyTargetForTesting.framework */,
			);
			name = Frameworks;
			sourceTree = "<group>";
		};
		B20607A41F1DF95F0029F056 /* Core */ = {
			isa = PBXGroup;
			children = (
				B20607A51F1DF95F0029F056 /* ConfigureTest.swift */,
				B20607A61F1DF95F0029F056 /* LoginTest.swift */,
			);
			path = Core;
			sourceTree = "<group>";
		};
		B20607A71F1DF95F0029F056 /* Dine */ = {
			isa = PBXGroup;
			children = (
				B20607A81F1DF95F0029F056 /* GenerateCodeTest.swift */,
				B20607A91F1DF95F0029F056 /* OrderTest.swift */,
				B20607AA1F1DF95F0029F056 /* PollerTest.swift */,
				B2A8A1101F4975F500A25D05 /* DineTests.swift */,
			);
			path = Dine;
			sourceTree = "<group>";
		};
		B20607AB1F1DF95F0029F056 /* Wallet */ = {
			isa = PBXGroup;
			children = (
				B2818B411F5FDCC200DC7F77 /* masterpass */,
				B289F9A31F3091D400CEC772 /* AddCreditCardInteractorTest.swift */,
				B289F9A41F3091D400CEC772 /* AddCreditCardPresenterTest.swift */,
				B20607AC1F1DF95F0029F056 /* TestCreditCardValidation.swift */,
			);
			path = Wallet;
			sourceTree = "<group>";
		};
		B223A4261F4321F100A9AC09 /* stubs */ = {
			isa = PBXGroup;
			children = (
				B24BA4CC1F4C82B6001317CC /* Stubs.swift */,
			);
			path = stubs;
			sourceTree = "<group>";
		};
		B24A86DC1F3C8B8E00688433 /* WebInterface */ = {
			isa = PBXGroup;
			children = (
				B24A86DD1F3C8BA500688433 /* DineInWebInteractorTests.swift */,
				B2A31D421F442C140090D0EF /* DineInWebPresenterTests.swift */,
				B2A31D431F442C140090D0EF /* DineInWebViewControllerTests.swift */,
				B2A31D491F4430DC0090D0EF /* NativeCallHandlerTests.swift */,
				B26154E71F4456C80047EB0F /* DineInWebViewControllerFactoryTests.swift */,
			);
			path = WebInterface;
			sourceTree = "<group>";
		};
		B24CE78C1F60046A00DEF760 /* html */ = {
			isa = PBXGroup;
			children = (
				B24CE78D1F60047500DEF760 /* MasterPassCallNative.js */,
				B24CE78E1F60047500DEF760 /* MasterPassNativeResponse.js */,
				B24CE78F1F60047500DEF760 /* testMasterPass.html */,
			);
			path = html;
			sourceTree = "<group>";
		};
		B260FB191F0CC6C8002605EE /* helpTools */ = {
			isa = PBXGroup;
			children = (
				B260FB1A1F0CC6C8002605EE /* XCTestCase+JSON.swift */,
				B260FB1B1F0CC6C8002605EE /* XCTestCase+Mock.swift */,
			);
			path = helpTools;
			sourceTree = "<group>";
		};
		B260FB1C1F0CC6C8002605EE /* mock and spy Objects */ = {
			isa = PBXGroup;
			children = (
				B289F9A71F3091EF00CEC772 /* KeyValueStorageProtocolMockAndSpy.swift */,
				B260FB1D1F0CC6C8002605EE /* RequestProtocolMock.swift */,
				B203079F1F0E2BFE00DA8584 /* DelayMock.swift */,
			);
			name = "mock and spy Objects";
			path = mockObjects;
			sourceTree = "<group>";
		};
		B270D7F61E1BEB6F009BA1E2 /* ViewControllers */ = {
			isa = PBXGroup;
			children = (
				B270D7F71E1BEB91009BA1E2 /* ConfigureViewController.swift */,
				B270D7F91E1BFB46009BA1E2 /* TerminalViewController.swift */,
				B27D02DD1E1CE2900099E514 /* SessionViewController.swift */,
				B226C0B41E1CEB3D0045D73A /* SuperViewController.swift */,
				B226C0B61E1D423C0045D73A /* DineInViewController.swift */,
				B2F31E1C1EF9500200071869 /* WalletUIViewController.swift */,
				B28F794B1F4EC9BD00502BAC /* ShowDineInWebViewController.swift */,
			);
			name = ViewControllers;
			sourceTree = "<group>";
		};
		B27D02DA1E1CDDDB0099E514 /* model */ = {
			isa = PBXGroup;
			children = (
				B27D02DB1E1CDE310099E514 /* TerminalModel.swift */,
			);
			name = model;
			sourceTree = "<group>";
		};
		B2818B411F5FDCC200DC7F77 /* masterpass */ = {
			isa = PBXGroup;
			children = (
				B24CE78C1F60046A00DEF760 /* html */,
				B2818B431F5FDCE700DC7F77 /* AddMasterPassPresenterTests.swift */,
				B2818B441F5FDCE700DC7F77 /* AddMasterPassViewControllerTests.swift */,
				B2818B451F5FDCE700DC7F77 /* AddMasterPassCallHandlerTests.swift */,
			);
			path = masterpass;
			sourceTree = "<group>";
		};
		B2AD9B6C1F0BE94000059FAA /* JSON */ = {
			isa = PBXGroup;
			children = (
				B296BE141F33343000E5657C /* addCreditCard.json */,
				B289F9A01F3091A800CEC772 /* PaymentMethods.json */,
				B260FB211F0CC839002605EE /* configure.json */,
				B260FB221F0CC839002605EE /* login.json */,
				B2AD9B6D1F0BE95900059FAA /* generateCode.json */,
				B2AD9B6F1F0BE99F00059FAA /* orderDetails.json */,
				B270CC7A1F0E57100064983D /* orderDetailsNoItems.json */,
				B2A8A1121F49768900A25D05 /* friendList.json */,
				B2368C401F499B4B00192DDF /* usageStats.json */,
				B2AA60271F49B1C300826612 /* orderList.json */,
			);
			path = JSON;
			sourceTree = "<group>";
		};
		B2C7A4251F13836900A96A24 /* emptyTargetForTesting */ = {
			isa = PBXGroup;
			children = (
				B2C7A4261F13836900A96A24 /* AppDelegate.swift */,
				B2C7A4281F13836900A96A24 /* ViewController.swift */,
				B2C7A42A1F13836900A96A24 /* Main.storyboard */,
				B2C7A42D1F13836900A96A24 /* Assets.xcassets */,
				B2C7A42F1F13836900A96A24 /* LaunchScreen.storyboard */,
				B2C7A4321F13836900A96A24 /* Info.plist */,
			);
			path = emptyTargetForTesting;
			sourceTree = "<group>";
		};
		B2F31E1E1EF96CD000071869 /* Helper tools */ = {
			isa = PBXGroup;
			children = (
				B2F31E1F1EF96D4800071869 /* LocalDataa.swift */,
				B22F35631F1674D700D85946 /* UITextField+doneButton.swift */,
			);
			name = "Helper tools";
			sourceTree = "<group>";
		};
/* End PBXGroup section */

/* Begin PBXNativeTarget section */
		607FACCF1AFB9204008FA782 /* MyCheckDine_Example */ = {
			isa = PBXNativeTarget;
			buildConfigurationList = 607FACEF1AFB9204008FA782 /* Build configuration list for PBXNativeTarget "MyCheckDine_Example" */;
			buildPhases = (
				88D0BFD8F6D8EE0738D08668 /* [CP] Check Pods Manifest.lock */,
				607FACCC1AFB9204008FA782 /* Sources */,
				607FACCD1AFB9204008FA782 /* Frameworks */,
				607FACCE1AFB9204008FA782 /* Resources */,
				F81BDAB04ADF457346388DB4 /* [CP] Embed Pods Frameworks */,
				B516176880978B53CB87B600 /* [CP] Copy Pods Resources */,
			);
			buildRules = (
			);
			dependencies = (
			);
			name = MyCheckDine_Example;
			productName = MyCheckRestaurantSDK;
			productReference = 607FACD01AFB9204008FA782 /* MyCheckDine_Example.app */;
			productType = "com.apple.product-type.application";
		};
		607FACE41AFB9204008FA782 /* MyCheckDine_Tests */ = {
			isa = PBXNativeTarget;
			buildConfigurationList = 607FACF21AFB9204008FA782 /* Build configuration list for PBXNativeTarget "MyCheckDine_Tests" */;
			buildPhases = (
				4D84903A3F203566BEC65FFE /* [CP] Check Pods Manifest.lock */,
				607FACE11AFB9204008FA782 /* Sources */,
				607FACE21AFB9204008FA782 /* Frameworks */,
				607FACE31AFB9204008FA782 /* Resources */,
				C337DF21770A3A2496BE2780 /* [CP] Embed Pods Frameworks */,
				6B7EB39AE3F47ECB93C664FB /* [CP] Copy Pods Resources */,
				B26684ED1E10FF9C00F70333 /* CopyFiles */,
			);
			buildRules = (
			);
			dependencies = (
				607FACE71AFB9204008FA782 /* PBXTargetDependency */,
				B2C7A4371F1383B900A96A24 /* PBXTargetDependency */,
			);
			name = MyCheckDine_Tests;
			productName = Tests;
			productReference = 607FACE51AFB9204008FA782 /* MyCheckDine_Tests.xctest */;
			productType = "com.apple.product-type.bundle.unit-test";
		};
		B2C7A4231F13836900A96A24 /* emptyTargetForTesting */ = {
			isa = PBXNativeTarget;
			buildConfigurationList = B2C7A4351F13836900A96A24 /* Build configuration list for PBXNativeTarget "emptyTargetForTesting" */;
			buildPhases = (
				651146D2AC1B0435DFB9B48C /* [CP] Check Pods Manifest.lock */,
				B2C7A4201F13836900A96A24 /* Sources */,
				B2C7A4211F13836900A96A24 /* Frameworks */,
				B2C7A4221F13836900A96A24 /* Resources */,
				95D327EF0C0F2EE33E388B60 /* [CP] Embed Pods Frameworks */,
				B32699AEF7869888CF3F4A97 /* [CP] Copy Pods Resources */,
			);
			buildRules = (
			);
			dependencies = (
			);
			name = emptyTargetForTesting;
			productName = emptyTargetForTesting;
			productReference = B2C7A4241F13836900A96A24 /* emptyTargetForTesting.app */;
			productType = "com.apple.product-type.application";
		};
/* End PBXNativeTarget section */

/* Begin PBXProject section */
		607FACC81AFB9204008FA782 /* Project object */ = {
			isa = PBXProject;
			attributes = {
				LastSwiftUpdateCheck = 0830;
				LastUpgradeCheck = 0820;
				ORGANIZATIONNAME = CocoaPods;
				TargetAttributes = {
					607FACCF1AFB9204008FA782 = {
						CreatedOnToolsVersion = 6.3.1;
						DevelopmentTeam = 2NY9PDA74K;
						LastSwiftMigration = 0820;
						ProvisioningStyle = Automatic;
						SystemCapabilities = {
							com.apple.ApplePay = {
								enabled = 1;
							};
						};
					};
					607FACE41AFB9204008FA782 = {
						CreatedOnToolsVersion = 6.3.1;
						DevelopmentTeam = 5MY9DSA5NQ;
						LastSwiftMigration = 0820;
						TestTargetID = B2C7A4231F13836900A96A24;
					};
					B2C7A4231F13836900A96A24 = {
						CreatedOnToolsVersion = 8.3.2;
						DevelopmentTeam = 2NY9PDA74K;
						ProvisioningStyle = Automatic;
					};
				};
			};
			buildConfigurationList = 607FACCB1AFB9204008FA782 /* Build configuration list for PBXProject "MyCheckDine" */;
			compatibilityVersion = "Xcode 3.2";
			developmentRegion = English;
			hasScannedForEncodings = 0;
			knownRegions = (
				en,
				Base,
			);
			mainGroup = 607FACC71AFB9204008FA782;
			productRefGroup = 607FACD11AFB9204008FA782 /* Products */;
			projectDirPath = "";
			projectRoot = "";
			targets = (
				607FACCF1AFB9204008FA782 /* MyCheckDine_Example */,
				607FACE41AFB9204008FA782 /* MyCheckDine_Tests */,
				B2C7A4231F13836900A96A24 /* emptyTargetForTesting */,
			);
		};
/* End PBXProject section */

/* Begin PBXResourcesBuildPhase section */
		607FACCE1AFB9204008FA782 /* Resources */ = {
			isa = PBXResourcesBuildPhase;
			buildActionMask = 2147483647;
			files = (
				B23C605D1E18F8B0000A53FB /* .swift-version in Resources */,
				607FACDB1AFB9204008FA782 /* Main.storyboard in Resources */,
				607FACE01AFB9204008FA782 /* LaunchScreen.xib in Resources */,
				607FACDD1AFB9204008FA782 /* Images.xcassets in Resources */,
			);
			runOnlyForDeploymentPostprocessing = 0;
		};
		607FACE31AFB9204008FA782 /* Resources */ = {
			isa = PBXResourcesBuildPhase;
			buildActionMask = 2147483647;
			files = (
				B2AA60241F49A1A000826612 /* usageStats.json in Resources */,
				B270CC7B1F0E57100064983D /* orderDetailsNoItems.json in Resources */,
				B24CE7911F60047500DEF760 /* MasterPassNativeResponse.js in Resources */,
				B2AD9B6E1F0BE95900059FAA /* generateCode.json in Resources */,
				B2AD9B701F0BE99F00059FAA /* orderDetails.json in Resources */,
				B296BE151F33343000E5657C /* addCreditCard.json in Resources */,
				B289F9A21F3091AD00CEC772 /* PaymentMethods.json in Resources */,
				B260FB231F0CC839002605EE /* configure.json in Resources */,
				B2A8A1131F49768900A25D05 /* friendList.json in Resources */,
				B260FB241F0CC839002605EE /* login.json in Resources */,
				B24CE7901F60047500DEF760 /* MasterPassCallNative.js in Resources */,
				B24CE7921F60047500DEF760 /* testMasterPass.html in Resources */,
				B2AA60281F49B1C300826612 /* orderList.json in Resources */,
			);
			runOnlyForDeploymentPostprocessing = 0;
		};
		B2C7A4221F13836900A96A24 /* Resources */ = {
			isa = PBXResourcesBuildPhase;
			buildActionMask = 2147483647;
			files = (
				B2C7A4311F13836900A96A24 /* LaunchScreen.storyboard in Resources */,
				B2C7A42E1F13836900A96A24 /* Assets.xcassets in Resources */,
				B2C7A42C1F13836900A96A24 /* Main.storyboard in Resources */,
			);
			runOnlyForDeploymentPostprocessing = 0;
		};
/* End PBXResourcesBuildPhase section */

/* Begin PBXShellScriptBuildPhase section */
		4D84903A3F203566BEC65FFE /* [CP] Check Pods Manifest.lock */ = {
			isa = PBXShellScriptBuildPhase;
			buildActionMask = 2147483647;
			files = (
			);
			inputPaths = (
				"${PODS_PODFILE_DIR_PATH}/Podfile.lock",
				"${PODS_ROOT}/Manifest.lock",
			);
			name = "[CP] Check Pods Manifest.lock";
			outputPaths = (
				"$(DERIVED_FILE_DIR)/Pods-MyCheckDine_Tests-checkManifestLockResult.txt",
			);
			runOnlyForDeploymentPostprocessing = 0;
			shellPath = /bin/sh;
			shellScript = "diff \"${PODS_PODFILE_DIR_PATH}/Podfile.lock\" \"${PODS_ROOT}/Manifest.lock\" > /dev/null\nif [ $? != 0 ] ; then\n    # print error to STDERR\n    echo \"error: The sandbox is not in sync with the Podfile.lock. Run 'pod install' or update your CocoaPods installation.\" >&2\n    exit 1\nfi\n# This output is used by Xcode 'outputs' to avoid re-running this script phase.\necho \"SUCCESS\" > \"${SCRIPT_OUTPUT_FILE_0}\"\n";
			showEnvVarsInLog = 0;
		};
		651146D2AC1B0435DFB9B48C /* [CP] Check Pods Manifest.lock */ = {
			isa = PBXShellScriptBuildPhase;
			buildActionMask = 2147483647;
			files = (
			);
			inputPaths = (
				"${PODS_PODFILE_DIR_PATH}/Podfile.lock",
				"${PODS_ROOT}/Manifest.lock",
			);
			name = "[CP] Check Pods Manifest.lock";
			outputPaths = (
				"$(DERIVED_FILE_DIR)/Pods-MyCheckDine_Example-emptyTargetForTesting-checkManifestLockResult.txt",
			);
			runOnlyForDeploymentPostprocessing = 0;
			shellPath = /bin/sh;
			shellScript = "diff \"${PODS_PODFILE_DIR_PATH}/Podfile.lock\" \"${PODS_ROOT}/Manifest.lock\" > /dev/null\nif [ $? != 0 ] ; then\n    # print error to STDERR\n    echo \"error: The sandbox is not in sync with the Podfile.lock. Run 'pod install' or update your CocoaPods installation.\" >&2\n    exit 1\nfi\n# This output is used by Xcode 'outputs' to avoid re-running this script phase.\necho \"SUCCESS\" > \"${SCRIPT_OUTPUT_FILE_0}\"\n";
			showEnvVarsInLog = 0;
		};
		6B7EB39AE3F47ECB93C664FB /* [CP] Copy Pods Resources */ = {
			isa = PBXShellScriptBuildPhase;
			buildActionMask = 2147483647;
			files = (
			);
			inputPaths = (
			);
			name = "[CP] Copy Pods Resources";
			outputPaths = (
			);
			runOnlyForDeploymentPostprocessing = 0;
			shellPath = /bin/sh;
			shellScript = "\"${SRCROOT}/Pods/Target Support Files/Pods-MyCheckDine_Tests/Pods-MyCheckDine_Tests-resources.sh\"\n";
			showEnvVarsInLog = 0;
		};
		88D0BFD8F6D8EE0738D08668 /* [CP] Check Pods Manifest.lock */ = {
			isa = PBXShellScriptBuildPhase;
			buildActionMask = 2147483647;
			files = (
			);
			inputPaths = (
				"${PODS_PODFILE_DIR_PATH}/Podfile.lock",
				"${PODS_ROOT}/Manifest.lock",
			);
			name = "[CP] Check Pods Manifest.lock";
			outputPaths = (
				"$(DERIVED_FILE_DIR)/Pods-MyCheckDine_Example-checkManifestLockResult.txt",
			);
			runOnlyForDeploymentPostprocessing = 0;
			shellPath = /bin/sh;
			shellScript = "diff \"${PODS_PODFILE_DIR_PATH}/Podfile.lock\" \"${PODS_ROOT}/Manifest.lock\" > /dev/null\nif [ $? != 0 ] ; then\n    # print error to STDERR\n    echo \"error: The sandbox is not in sync with the Podfile.lock. Run 'pod install' or update your CocoaPods installation.\" >&2\n    exit 1\nfi\n# This output is used by Xcode 'outputs' to avoid re-running this script phase.\necho \"SUCCESS\" > \"${SCRIPT_OUTPUT_FILE_0}\"\n";
			showEnvVarsInLog = 0;
		};
		95D327EF0C0F2EE33E388B60 /* [CP] Embed Pods Frameworks */ = {
			isa = PBXShellScriptBuildPhase;
			buildActionMask = 2147483647;
			files = (
			);
			inputPaths = (
				"${SRCROOT}/Pods/Target Support Files/Pods-MyCheckDine_Example-emptyTargetForTesting/Pods-MyCheckDine_Example-emptyTargetForTesting-frameworks.sh",
				"${BUILT_PRODUCTS_DIR}/Alamofire/Alamofire.framework",
				"${BUILT_PRODUCTS_DIR}/Gloss/Gloss.framework",
				"${BUILT_PRODUCTS_DIR}/Kingfisher/Kingfisher.framework",
				"${BUILT_PRODUCTS_DIR}/MyCheckCore/MyCheckCore.framework",
				"${BUILT_PRODUCTS_DIR}/MyCheckDine/MyCheckDine.framework",
				"${BUILT_PRODUCTS_DIR}/MyCheckDineUIWeb/MyCheckDineUIWeb.framework",
				"${PODS_ROOT}/../../../MyCheckWalletUI/MyCheckWalletUI/Classes/VisaCheckout/frameworks/VisaCheckoutSDK.framework",
				"${BUILT_PRODUCTS_DIR}/MyCheckWalletUI/MyCheckWalletUI.framework",
			);
			name = "[CP] Embed Pods Frameworks";
			outputPaths = (
				"${TARGET_BUILD_DIR}/${FRAMEWORKS_FOLDER_PATH}/Alamofire.framework",
				"${TARGET_BUILD_DIR}/${FRAMEWORKS_FOLDER_PATH}/Gloss.framework",
				"${TARGET_BUILD_DIR}/${FRAMEWORKS_FOLDER_PATH}/Kingfisher.framework",
				"${TARGET_BUILD_DIR}/${FRAMEWORKS_FOLDER_PATH}/MyCheckCore.framework",
				"${TARGET_BUILD_DIR}/${FRAMEWORKS_FOLDER_PATH}/MyCheckDine.framework",
				"${TARGET_BUILD_DIR}/${FRAMEWORKS_FOLDER_PATH}/MyCheckDineUIWeb.framework",
				"${TARGET_BUILD_DIR}/${FRAMEWORKS_FOLDER_PATH}/VisaCheckoutSDK.framework",
				"${TARGET_BUILD_DIR}/${FRAMEWORKS_FOLDER_PATH}/MyCheckWalletUI.framework",
			);
			runOnlyForDeploymentPostprocessing = 0;
			shellPath = /bin/sh;
			shellScript = "\"${SRCROOT}/Pods/Target Support Files/Pods-MyCheckDine_Example-emptyTargetForTesting/Pods-MyCheckDine_Example-emptyTargetForTesting-frameworks.sh\"\n";
			showEnvVarsInLog = 0;
		};
		B32699AEF7869888CF3F4A97 /* [CP] Copy Pods Resources */ = {
			isa = PBXShellScriptBuildPhase;
			buildActionMask = 2147483647;
			files = (
			);
			inputPaths = (
			);
			name = "[CP] Copy Pods Resources";
			outputPaths = (
			);
			runOnlyForDeploymentPostprocessing = 0;
			shellPath = /bin/sh;
			shellScript = "\"${SRCROOT}/Pods/Target Support Files/Pods-MyCheckDine_Example-emptyTargetForTesting/Pods-MyCheckDine_Example-emptyTargetForTesting-resources.sh\"\n";
			showEnvVarsInLog = 0;
		};
		B516176880978B53CB87B600 /* [CP] Copy Pods Resources */ = {
			isa = PBXShellScriptBuildPhase;
			buildActionMask = 2147483647;
			files = (
			);
			inputPaths = (
			);
			name = "[CP] Copy Pods Resources";
			outputPaths = (
			);
			runOnlyForDeploymentPostprocessing = 0;
			shellPath = /bin/sh;
			shellScript = "\"${SRCROOT}/Pods/Target Support Files/Pods-MyCheckDine_Example/Pods-MyCheckDine_Example-resources.sh\"\n";
			showEnvVarsInLog = 0;
		};
		C337DF21770A3A2496BE2780 /* [CP] Embed Pods Frameworks */ = {
			isa = PBXShellScriptBuildPhase;
			buildActionMask = 2147483647;
			files = (
			);
			inputPaths = (
				"${SRCROOT}/Pods/Target Support Files/Pods-MyCheckDine_Tests/Pods-MyCheckDine_Tests-frameworks.sh",
				"${BUILT_PRODUCTS_DIR}/Alamofire/Alamofire.framework",
				"${BUILT_PRODUCTS_DIR}/Gloss/Gloss.framework",
				"${BUILT_PRODUCTS_DIR}/Kingfisher/Kingfisher.framework",
				"${BUILT_PRODUCTS_DIR}/MyCheckCore/MyCheckCore.framework",
				"${BUILT_PRODUCTS_DIR}/MyCheckDine/MyCheckDine.framework",
				"${BUILT_PRODUCTS_DIR}/MyCheckDineUIWeb/MyCheckDineUIWeb.framework",
				"${PODS_ROOT}/../../../MyCheckWalletUI/MyCheckWalletUI/Classes/VisaCheckout/frameworks/VisaCheckoutSDK.framework",
				"${BUILT_PRODUCTS_DIR}/MyCheckWalletUI/MyCheckWalletUI.framework",
				"${BUILT_PRODUCTS_DIR}/Nimble/Nimble.framework",
				"${BUILT_PRODUCTS_DIR}/Quick/Quick.framework",
			);
			name = "[CP] Embed Pods Frameworks";
			outputPaths = (
				"${TARGET_BUILD_DIR}/${FRAMEWORKS_FOLDER_PATH}/Alamofire.framework",
				"${TARGET_BUILD_DIR}/${FRAMEWORKS_FOLDER_PATH}/Gloss.framework",
				"${TARGET_BUILD_DIR}/${FRAMEWORKS_FOLDER_PATH}/Kingfisher.framework",
				"${TARGET_BUILD_DIR}/${FRAMEWORKS_FOLDER_PATH}/MyCheckCore.framework",
				"${TARGET_BUILD_DIR}/${FRAMEWORKS_FOLDER_PATH}/MyCheckDine.framework",
				"${TARGET_BUILD_DIR}/${FRAMEWORKS_FOLDER_PATH}/MyCheckDineUIWeb.framework",
				"${TARGET_BUILD_DIR}/${FRAMEWORKS_FOLDER_PATH}/VisaCheckoutSDK.framework",
				"${TARGET_BUILD_DIR}/${FRAMEWORKS_FOLDER_PATH}/MyCheckWalletUI.framework",
				"${TARGET_BUILD_DIR}/${FRAMEWORKS_FOLDER_PATH}/Nimble.framework",
				"${TARGET_BUILD_DIR}/${FRAMEWORKS_FOLDER_PATH}/Quick.framework",
			);
			runOnlyForDeploymentPostprocessing = 0;
			shellPath = /bin/sh;
			shellScript = "\"${SRCROOT}/Pods/Target Support Files/Pods-MyCheckDine_Tests/Pods-MyCheckDine_Tests-frameworks.sh\"\n";
			showEnvVarsInLog = 0;
		};
		F81BDAB04ADF457346388DB4 /* [CP] Embed Pods Frameworks */ = {
			isa = PBXShellScriptBuildPhase;
			buildActionMask = 2147483647;
			files = (
			);
			inputPaths = (
				"${SRCROOT}/Pods/Target Support Files/Pods-MyCheckDine_Example/Pods-MyCheckDine_Example-frameworks.sh",
				"${BUILT_PRODUCTS_DIR}/Alamofire/Alamofire.framework",
				"${BUILT_PRODUCTS_DIR}/Gloss/Gloss.framework",
				"${BUILT_PRODUCTS_DIR}/Kingfisher/Kingfisher.framework",
				"${BUILT_PRODUCTS_DIR}/MyCheckCore/MyCheckCore.framework",
				"${BUILT_PRODUCTS_DIR}/MyCheckDine/MyCheckDine.framework",
				"${BUILT_PRODUCTS_DIR}/MyCheckDineUIWeb/MyCheckDineUIWeb.framework",
				"${PODS_ROOT}/../../../MyCheckWalletUI/MyCheckWalletUI/Classes/VisaCheckout/frameworks/VisaCheckoutSDK.framework",
				"${BUILT_PRODUCTS_DIR}/MyCheckWalletUI/MyCheckWalletUI.framework",
			);
			name = "[CP] Embed Pods Frameworks";
			outputPaths = (
				"${TARGET_BUILD_DIR}/${FRAMEWORKS_FOLDER_PATH}/Alamofire.framework",
				"${TARGET_BUILD_DIR}/${FRAMEWORKS_FOLDER_PATH}/Gloss.framework",
				"${TARGET_BUILD_DIR}/${FRAMEWORKS_FOLDER_PATH}/Kingfisher.framework",
				"${TARGET_BUILD_DIR}/${FRAMEWORKS_FOLDER_PATH}/MyCheckCore.framework",
				"${TARGET_BUILD_DIR}/${FRAMEWORKS_FOLDER_PATH}/MyCheckDine.framework",
				"${TARGET_BUILD_DIR}/${FRAMEWORKS_FOLDER_PATH}/MyCheckDineUIWeb.framework",
				"${TARGET_BUILD_DIR}/${FRAMEWORKS_FOLDER_PATH}/VisaCheckoutSDK.framework",
				"${TARGET_BUILD_DIR}/${FRAMEWORKS_FOLDER_PATH}/MyCheckWalletUI.framework",
			);
			runOnlyForDeploymentPostprocessing = 0;
			shellPath = /bin/sh;
			shellScript = "\"${SRCROOT}/Pods/Target Support Files/Pods-MyCheckDine_Example/Pods-MyCheckDine_Example-frameworks.sh\"\n";
			showEnvVarsInLog = 0;
		};
/* End PBXShellScriptBuildPhase section */

/* Begin PBXSourcesBuildPhase section */
		607FACCC1AFB9204008FA782 /* Sources */ = {
			isa = PBXSourcesBuildPhase;
			buildActionMask = 2147483647;
			files = (
				607FACD81AFB9204008FA782 /* ViewController.swift in Sources */,
				B2F31E201EF96D4800071869 /* LocalDataa.swift in Sources */,
				607FACD61AFB9204008FA782 /* AppDelegate.swift in Sources */,
				B28F794C1F4EC9BD00502BAC /* ShowDineInWebViewController.swift in Sources */,
				B2F31E1D1EF9500200071869 /* WalletUIViewController.swift in Sources */,
				B27D02DC1E1CDE310099E514 /* TerminalModel.swift in Sources */,
				B226C0B71E1D423C0045D73A /* DineInViewController.swift in Sources */,
				B27D02DE1E1CE2900099E514 /* SessionViewController.swift in Sources */,
				B270D7FA1E1BFB46009BA1E2 /* TerminalViewController.swift in Sources */,
				B226C0B51E1CEB3D0045D73A /* SuperViewController.swift in Sources */,
				B22F35641F1674D700D85946 /* UITextField+doneButton.swift in Sources */,
				B270D7F81E1BEB91009BA1E2 /* ConfigureViewController.swift in Sources */,
			);
			runOnlyForDeploymentPostprocessing = 0;
		};
		607FACE11AFB9204008FA782 /* Sources */ = {
			isa = PBXSourcesBuildPhase;
			buildActionMask = 2147483647;
			files = (
				B20307A01F0E2BFE00DA8584 /* DelayMock.swift in Sources */,
				B20607AD1F1DF95F0029F056 /* ConfigureTest.swift in Sources */,
				B289F9A81F3091EF00CEC772 /* KeyValueStorageProtocolMockAndSpy.swift in Sources */,
				B2818B491F5FDCE700DC7F77 /* AddMasterPassCallHandlerTests.swift in Sources */,
				B260FB1E1F0CC6C8002605EE /* XCTestCase+JSON.swift in Sources */,
				B2A31D4A1F4430DC0090D0EF /* NativeCallHandlerTests.swift in Sources */,
				B20607B11F1DF95F0029F056 /* PollerTest.swift in Sources */,
				B2818B471F5FDCE700DC7F77 /* AddMasterPassPresenterTests.swift in Sources */,
				B289F9A51F3091D400CEC772 /* AddCreditCardInteractorTest.swift in Sources */,
				B20607AE1F1DF95F0029F056 /* LoginTest.swift in Sources */,
				B260FB201F0CC6C8002605EE /* RequestProtocolMock.swift in Sources */,
				B2A31D461F442C140090D0EF /* DineInWebPresenterTests.swift in Sources */,
				B24A86DE1F3C8BA500688433 /* DineInWebInteractorTests.swift in Sources */,
				B26154E81F4456C80047EB0F /* DineInWebViewControllerFactoryTests.swift in Sources */,
				B260FB1F1F0CC6C8002605EE /* XCTestCase+Mock.swift in Sources */,
				B2818B481F5FDCE700DC7F77 /* AddMasterPassViewControllerTests.swift in Sources */,
				B20607B21F1DF95F0029F056 /* TestCreditCardValidation.swift in Sources */,
				B20607B01F1DF95F0029F056 /* OrderTest.swift in Sources */,
				B289F9A61F3091D400CEC772 /* AddCreditCardPresenterTest.swift in Sources */,
				B20607AF1F1DF95F0029F056 /* GenerateCodeTest.swift in Sources */,
				B2A31D471F442C140090D0EF /* DineInWebViewControllerTests.swift in Sources */,
				B2A8A1111F4975F500A25D05 /* DineTests.swift in Sources */,
				B24BA4CD1F4C82B6001317CC /* Stubs.swift in Sources */,
			);
			runOnlyForDeploymentPostprocessing = 0;
		};
		B2C7A4201F13836900A96A24 /* Sources */ = {
			isa = PBXSourcesBuildPhase;
			buildActionMask = 2147483647;
			files = (
				B2C7A4291F13836900A96A24 /* ViewController.swift in Sources */,
				B2C7A4271F13836900A96A24 /* AppDelegate.swift in Sources */,
			);
			runOnlyForDeploymentPostprocessing = 0;
		};
/* End PBXSourcesBuildPhase section */

/* Begin PBXTargetDependency section */
		607FACE71AFB9204008FA782 /* PBXTargetDependency */ = {
			isa = PBXTargetDependency;
			target = 607FACCF1AFB9204008FA782 /* MyCheckDine_Example */;
			targetProxy = 607FACE61AFB9204008FA782 /* PBXContainerItemProxy */;
		};
		B2C7A4371F1383B900A96A24 /* PBXTargetDependency */ = {
			isa = PBXTargetDependency;
			target = B2C7A4231F13836900A96A24 /* emptyTargetForTesting */;
			targetProxy = B2C7A4361F1383B900A96A24 /* PBXContainerItemProxy */;
		};
/* End PBXTargetDependency section */

/* Begin PBXVariantGroup section */
		607FACD91AFB9204008FA782 /* Main.storyboard */ = {
			isa = PBXVariantGroup;
			children = (
				607FACDA1AFB9204008FA782 /* Base */,
			);
			name = Main.storyboard;
			sourceTree = "<group>";
		};
		607FACDE1AFB9204008FA782 /* LaunchScreen.xib */ = {
			isa = PBXVariantGroup;
			children = (
				607FACDF1AFB9204008FA782 /* Base */,
			);
			name = LaunchScreen.xib;
			sourceTree = "<group>";
		};
		B2C7A42A1F13836900A96A24 /* Main.storyboard */ = {
			isa = PBXVariantGroup;
			children = (
				B2C7A42B1F13836900A96A24 /* Base */,
			);
			name = Main.storyboard;
			sourceTree = "<group>";
		};
		B2C7A42F1F13836900A96A24 /* LaunchScreen.storyboard */ = {
			isa = PBXVariantGroup;
			children = (
				B2C7A4301F13836900A96A24 /* Base */,
			);
			name = LaunchScreen.storyboard;
			sourceTree = "<group>";
		};
/* End PBXVariantGroup section */

/* Begin XCBuildConfiguration section */
		607FACED1AFB9204008FA782 /* Debug */ = {
			isa = XCBuildConfiguration;
			buildSettings = {
				ALWAYS_EMBED_SWIFT_STANDARD_LIBRARIES = "$(inherited)";
				ALWAYS_SEARCH_USER_PATHS = NO;
				CLANG_CXX_LANGUAGE_STANDARD = "gnu++0x";
				CLANG_CXX_LIBRARY = "libc++";
				CLANG_ENABLE_MODULES = YES;
				CLANG_ENABLE_OBJC_ARC = YES;
				CLANG_WARN_BOOL_CONVERSION = YES;
				CLANG_WARN_CONSTANT_CONVERSION = YES;
				CLANG_WARN_DIRECT_OBJC_ISA_USAGE = YES_ERROR;
				CLANG_WARN_EMPTY_BODY = YES;
				CLANG_WARN_ENUM_CONVERSION = YES;
				CLANG_WARN_INFINITE_RECURSION = YES;
				CLANG_WARN_INT_CONVERSION = YES;
				CLANG_WARN_OBJC_ROOT_CLASS = YES_ERROR;
				CLANG_WARN_SUSPICIOUS_MOVE = YES;
				CLANG_WARN_UNREACHABLE_CODE = YES;
				CLANG_WARN__DUPLICATE_METHOD_MATCH = YES;
				"CODE_SIGN_IDENTITY[sdk=iphoneos*]" = "iPhone Developer";
				COPY_PHASE_STRIP = NO;
				DEBUG_INFORMATION_FORMAT = "dwarf-with-dsym";
				ENABLE_STRICT_OBJC_MSGSEND = YES;
				ENABLE_TESTABILITY = YES;
				GCC_C_LANGUAGE_STANDARD = gnu99;
				GCC_DYNAMIC_NO_PIC = NO;
				GCC_NO_COMMON_BLOCKS = YES;
				GCC_OPTIMIZATION_LEVEL = 0;
				GCC_PREPROCESSOR_DEFINITIONS = (
					"DEBUG=1",
					"$(inherited)",
				);
				GCC_SYMBOLS_PRIVATE_EXTERN = NO;
				GCC_WARN_64_TO_32_BIT_CONVERSION = YES;
				GCC_WARN_ABOUT_RETURN_TYPE = YES_ERROR;
				GCC_WARN_UNDECLARED_SELECTOR = YES;
				GCC_WARN_UNINITIALIZED_AUTOS = YES_AGGRESSIVE;
				GCC_WARN_UNUSED_FUNCTION = YES;
				GCC_WARN_UNUSED_VARIABLE = YES;
				IPHONEOS_DEPLOYMENT_TARGET = 8.3;
				MTL_ENABLE_DEBUG_INFO = YES;
				ONLY_ACTIVE_ARCH = YES;
				SDKROOT = iphoneos;
				SWIFT_OPTIMIZATION_LEVEL = "-Onone";
				SWIFT_VERSION = 3.0;
			};
			name = Debug;
		};
		607FACEE1AFB9204008FA782 /* Release */ = {
			isa = XCBuildConfiguration;
			buildSettings = {
				ALWAYS_EMBED_SWIFT_STANDARD_LIBRARIES = "$(inherited)";
				ALWAYS_SEARCH_USER_PATHS = NO;
				CLANG_CXX_LANGUAGE_STANDARD = "gnu++0x";
				CLANG_CXX_LIBRARY = "libc++";
				CLANG_ENABLE_MODULES = YES;
				CLANG_ENABLE_OBJC_ARC = YES;
				CLANG_WARN_BOOL_CONVERSION = YES;
				CLANG_WARN_CONSTANT_CONVERSION = YES;
				CLANG_WARN_DIRECT_OBJC_ISA_USAGE = YES_ERROR;
				CLANG_WARN_EMPTY_BODY = YES;
				CLANG_WARN_ENUM_CONVERSION = YES;
				CLANG_WARN_INFINITE_RECURSION = YES;
				CLANG_WARN_INT_CONVERSION = YES;
				CLANG_WARN_OBJC_ROOT_CLASS = YES_ERROR;
				CLANG_WARN_SUSPICIOUS_MOVE = YES;
				CLANG_WARN_UNREACHABLE_CODE = YES;
				CLANG_WARN__DUPLICATE_METHOD_MATCH = YES;
				"CODE_SIGN_IDENTITY[sdk=iphoneos*]" = "iPhone Developer";
				COPY_PHASE_STRIP = NO;
				DEBUG_INFORMATION_FORMAT = "dwarf-with-dsym";
				ENABLE_NS_ASSERTIONS = NO;
				ENABLE_STRICT_OBJC_MSGSEND = YES;
				GCC_C_LANGUAGE_STANDARD = gnu99;
				GCC_NO_COMMON_BLOCKS = YES;
				GCC_WARN_64_TO_32_BIT_CONVERSION = YES;
				GCC_WARN_ABOUT_RETURN_TYPE = YES_ERROR;
				GCC_WARN_UNDECLARED_SELECTOR = YES;
				GCC_WARN_UNINITIALIZED_AUTOS = YES_AGGRESSIVE;
				GCC_WARN_UNUSED_FUNCTION = YES;
				GCC_WARN_UNUSED_VARIABLE = YES;
				IPHONEOS_DEPLOYMENT_TARGET = 8.3;
				MTL_ENABLE_DEBUG_INFO = NO;
				SDKROOT = iphoneos;
				SWIFT_OPTIMIZATION_LEVEL = "-Owholemodule";
				SWIFT_VERSION = 3.0;
				VALIDATE_PRODUCT = YES;
			};
			name = Release;
		};
		607FACF01AFB9204008FA782 /* Debug */ = {
			isa = XCBuildConfiguration;
			baseConfigurationReference = 2DDD64FD05C9182140CF5716 /* Pods-MyCheckDine_Example.debug.xcconfig */;
			buildSettings = {
				ALWAYS_EMBED_SWIFT_STANDARD_LIBRARIES = "$(inherited)";
				ASSETCATALOG_COMPILER_APPICON_NAME = AppIcon;
				CODE_SIGN_ENTITLEMENTS = MyCheckDine_Example.entitlements;
				"CODE_SIGN_IDENTITY[sdk=iphoneos*]" = "iPhone Developer";
				DEVELOPMENT_TEAM = 2NY9PDA74K;
				ENABLE_BITCODE = YES;
				INFOPLIST_FILE = MyCheckRestaurantSDK/Info.plist;
				IPHONEOS_DEPLOYMENT_TARGET = 9.0;
				LD_RUNPATH_SEARCH_PATHS = "$(inherited) @executable_path/Frameworks";
				MODULE_NAME = ExampleApp;
				PRODUCT_BUNDLE_IDENTIFIER = "com.mycheck.MyCheckDine-Example";
				PRODUCT_NAME = "$(TARGET_NAME)";
				PROVISIONING_PROFILE_SPECIFIER = "";
				SWIFT_VERSION = 3.0;
			};
			name = Debug;
		};
		607FACF11AFB9204008FA782 /* Release */ = {
			isa = XCBuildConfiguration;
			baseConfigurationReference = 530E4AD3F8594658A124A64C /* Pods-MyCheckDine_Example.release.xcconfig */;
			buildSettings = {
				ALWAYS_EMBED_SWIFT_STANDARD_LIBRARIES = "$(inherited)";
				ASSETCATALOG_COMPILER_APPICON_NAME = AppIcon;
				CODE_SIGN_ENTITLEMENTS = MyCheckDine_Example.entitlements;
				"CODE_SIGN_IDENTITY[sdk=iphoneos*]" = "iPhone Developer";
				DEVELOPMENT_TEAM = 2NY9PDA74K;
				ENABLE_BITCODE = YES;
				INFOPLIST_FILE = MyCheckRestaurantSDK/Info.plist;
				IPHONEOS_DEPLOYMENT_TARGET = 9.0;
				LD_RUNPATH_SEARCH_PATHS = "$(inherited) @executable_path/Frameworks";
				MODULE_NAME = ExampleApp;
				PRODUCT_BUNDLE_IDENTIFIER = "com.mycheck.MyCheckDine-Example";
				PRODUCT_NAME = "$(TARGET_NAME)";
				PROVISIONING_PROFILE = "";
				PROVISIONING_PROFILE_SPECIFIER = "";
				SWIFT_VERSION = 3.0;
			};
			name = Release;
		};
		607FACF31AFB9204008FA782 /* Debug */ = {
			isa = XCBuildConfiguration;
			baseConfigurationReference = 9C75D87B997A0518F223A428 /* Pods-MyCheckDine_Tests.debug.xcconfig */;
			buildSettings = {
				ALWAYS_EMBED_SWIFT_STANDARD_LIBRARIES = "$(inherited)";
				BUNDLE_LOADER = "$(TEST_HOST)";
				DEVELOPMENT_TEAM = 5MY9DSA5NQ;
				FRAMEWORK_SEARCH_PATHS = (
					"$(SDKROOT)/Developer/Library/Frameworks",
					"$(inherited)",
				);
				GCC_PREPROCESSOR_DEFINITIONS = (
					"DEBUG=1",
					"$(inherited)",
				);
				INFOPLIST_FILE = Tests/Info.plist;
				IPHONEOS_DEPLOYMENT_TARGET = 9.0;
				LD_RUNPATH_SEARCH_PATHS = "$(inherited) @executable_path/Frameworks @loader_path/Frameworks";
				PRODUCT_BUNDLE_IDENTIFIER = "org.cocoapods.$(PRODUCT_NAME:rfc1034identifier)";
				PRODUCT_NAME = "$(TARGET_NAME)";
				SWIFT_VERSION = 3.0;
				TEST_HOST = "$(BUILT_PRODUCTS_DIR)/emptyTargetForTesting.app/emptyTargetForTesting";
			};
			name = Debug;
		};
		607FACF41AFB9204008FA782 /* Release */ = {
			isa = XCBuildConfiguration;
			baseConfigurationReference = DB3D683553F00FF3F74E42AD /* Pods-MyCheckDine_Tests.release.xcconfig */;
			buildSettings = {
				ALWAYS_EMBED_SWIFT_STANDARD_LIBRARIES = "$(inherited)";
				BUNDLE_LOADER = "$(TEST_HOST)";
				DEVELOPMENT_TEAM = 5MY9DSA5NQ;
				FRAMEWORK_SEARCH_PATHS = (
					"$(SDKROOT)/Developer/Library/Frameworks",
					"$(inherited)",
				);
				INFOPLIST_FILE = Tests/Info.plist;
				IPHONEOS_DEPLOYMENT_TARGET = 9.0;
				LD_RUNPATH_SEARCH_PATHS = "$(inherited) @executable_path/Frameworks @loader_path/Frameworks";
				PRODUCT_BUNDLE_IDENTIFIER = "org.cocoapods.$(PRODUCT_NAME:rfc1034identifier)";
				PRODUCT_NAME = "$(TARGET_NAME)";
				SWIFT_VERSION = 3.0;
				TEST_HOST = "$(BUILT_PRODUCTS_DIR)/emptyTargetForTesting.app/emptyTargetForTesting";
			};
			name = Release;
		};
		B2C7A4331F13836900A96A24 /* Debug */ = {
			isa = XCBuildConfiguration;
			baseConfigurationReference = 08153F3AEF6981F1258DB738 /* Pods-MyCheckDine_Example-emptyTargetForTesting.debug.xcconfig */;
			buildSettings = {
				ASSETCATALOG_COMPILER_APPICON_NAME = AppIcon;
				CLANG_ANALYZER_NONNULL = YES;
				CLANG_ANALYZER_NUMBER_OBJECT_CONVERSION = YES_AGGRESSIVE;
				CLANG_WARN_DOCUMENTATION_COMMENTS = YES;
				DEBUG_INFORMATION_FORMAT = dwarf;
				DEVELOPMENT_TEAM = 2NY9PDA74K;
				INFOPLIST_FILE = emptyTargetForTesting/Info.plist;
				IPHONEOS_DEPLOYMENT_TARGET = 9.0;
				LD_RUNPATH_SEARCH_PATHS = "$(inherited) @executable_path/Frameworks";
				PRODUCT_BUNDLE_IDENTIFIER = com.mycheck.emptyTargetForTesting;
				PRODUCT_NAME = "$(TARGET_NAME)";
				SWIFT_ACTIVE_COMPILATION_CONDITIONS = DEBUG;
				SWIFT_VERSION = 3.0;
			};
			name = Debug;
		};
		B2C7A4341F13836900A96A24 /* Release */ = {
			isa = XCBuildConfiguration;
			baseConfigurationReference = 488832329D22CA63F725C578 /* Pods-MyCheckDine_Example-emptyTargetForTesting.release.xcconfig */;
			buildSettings = {
				ASSETCATALOG_COMPILER_APPICON_NAME = AppIcon;
				CLANG_ANALYZER_NONNULL = YES;
				CLANG_ANALYZER_NUMBER_OBJECT_CONVERSION = YES_AGGRESSIVE;
				CLANG_WARN_DOCUMENTATION_COMMENTS = YES;
				DEVELOPMENT_TEAM = 2NY9PDA74K;
				INFOPLIST_FILE = emptyTargetForTesting/Info.plist;
				IPHONEOS_DEPLOYMENT_TARGET = 9.0;
				LD_RUNPATH_SEARCH_PATHS = "$(inherited) @executable_path/Frameworks";
				PRODUCT_BUNDLE_IDENTIFIER = com.mycheck.emptyTargetForTesting;
				PRODUCT_NAME = "$(TARGET_NAME)";
				SWIFT_VERSION = 3.0;
			};
			name = Release;
		};
/* End XCBuildConfiguration section */

/* Begin XCConfigurationList section */
		607FACCB1AFB9204008FA782 /* Build configuration list for PBXProject "MyCheckDine" */ = {
			isa = XCConfigurationList;
			buildConfigurations = (
				607FACED1AFB9204008FA782 /* Debug */,
				607FACEE1AFB9204008FA782 /* Release */,
			);
			defaultConfigurationIsVisible = 0;
			defaultConfigurationName = Release;
		};
		607FACEF1AFB9204008FA782 /* Build configuration list for PBXNativeTarget "MyCheckDine_Example" */ = {
			isa = XCConfigurationList;
			buildConfigurations = (
				607FACF01AFB9204008FA782 /* Debug */,
				607FACF11AFB9204008FA782 /* Release */,
			);
			defaultConfigurationIsVisible = 0;
			defaultConfigurationName = Release;
		};
		607FACF21AFB9204008FA782 /* Build configuration list for PBXNativeTarget "MyCheckDine_Tests" */ = {
			isa = XCConfigurationList;
			buildConfigurations = (
				607FACF31AFB9204008FA782 /* Debug */,
				607FACF41AFB9204008FA782 /* Release */,
			);
			defaultConfigurationIsVisible = 0;
			defaultConfigurationName = Release;
		};
		B2C7A4351F13836900A96A24 /* Build configuration list for PBXNativeTarget "emptyTargetForTesting" */ = {
			isa = XCConfigurationList;
			buildConfigurations = (
				B2C7A4331F13836900A96A24 /* Debug */,
				B2C7A4341F13836900A96A24 /* Release */,
			);
			defaultConfigurationIsVisible = 0;
			defaultConfigurationName = Release;
		};
/* End XCConfigurationList section */
	};
	rootObject = 607FACC81AFB9204008FA782 /* Project object */;
}
