PODS:
  - Alamofire (4.5.0)
  - Braintree/Core (4.8.3)
  - Braintree/DataCollector (4.8.3):
    - Braintree/Core
  - Braintree/PayPal (4.8.3):
    - Braintree/Core
    - Braintree/PayPalOneTouch
  - Braintree/PayPalDataCollector (4.8.3):
    - Braintree/Core
    - Braintree/PayPalUtils
  - Braintree/PayPalOneTouch (4.8.3):
    - Braintree/Core
    - Braintree/PayPalDataCollector
    - Braintree/PayPalUtils
  - Braintree/PayPalUtils (4.8.3)
  - Gloss (1.2.4)
  - Kingfisher (3.10.2)
  - MyCheckCore (0.0.7):
    - Alamofire (~> 4.0)
  - MyCheckRestaurantSDK (0.1.0):
    - Gloss (~> 1.1)
    - MyCheckCore
  - MyCheckWalletUI (0.0.14):
    - Kingfisher (~> 3.0)
    - MyCheckCore
    - MyCheckWalletUI/Core (= 0.0.14)
  - MyCheckWalletUI/Core (0.0.14):
    - Kingfisher (~> 3.0)
    - MyCheckCore
  - MyCheckWalletUI/PayPal (0.0.14):
    - Braintree/DataCollector
    - Braintree/PayPal
    - Kingfisher (~> 3.0)
    - MyCheckCore
    - MyCheckWalletUI/Core
  - Nimble (5.1.1)
  - Quick (1.0.0)

DEPENDENCIES:
  - MyCheckCore (from `../../MyCheck-Core`)
  - MyCheckRestaurantSDK (from `../`)
  - MyCheckWalletUI (from `../../MyCheckWalletUI`)
  - MyCheckWalletUI/PayPal (from `../../MyCheckWalletUI`)
  - Nimble (~> 5.1.1)
  - Quick (~> 1.0.0)

EXTERNAL SOURCES:
  MyCheckCore:
    :path: ../../MyCheck-Core
  MyCheckRestaurantSDK:
    :path: ../
  MyCheckWalletUI:
    :path: ../../MyCheckWalletUI

SPEC CHECKSUMS:
  Alamofire: f28cdffd29de33a7bfa022cbd63ae95a27fae140
  Braintree: e91ccdfb26365d342ee4c42d668aa3cb57a6fb18
  Gloss: 4e036074610fdb993abcb958ebcd7332588e2333
  Kingfisher: 7297492bf8cec9b2e2dee3519f2219948580d98e
  MyCheckCore: 2c0ae300c59ca78be5caf935389589b9de5cbfd3
  MyCheckRestaurantSDK: ef18b330e20124a8a3a019af57c7d25c26ad86c8
  MyCheckWalletUI: 464324929dbb363a3ccaae67ae5a3994f54584c3
  Nimble: 415e3aa3267e7bc2c96b05fa814ddea7bb686a29
  Quick: 8024e4a47e6cc03a9d5245ef0948264fc6d27cff

PODFILE CHECKSUM: 92b36cec16ac7a3eb7eee59a1fddd7be16c42a90

COCOAPODS: 1.2.0.beta.3
