PODS:
  - Alamofire (4.6.0)
  - Firebase/Core (4.8.1):
    - FirebaseAnalytics (= 4.0.7)
    - FirebaseCore (= 4.0.14)
  - FirebaseAnalytics (4.0.7):
    - FirebaseCore (~> 4.0)
    - FirebaseInstanceID (~> 2.0)
    - GoogleToolboxForMac/NSData+zlib (~> 2.1)
    - nanopb (~> 0.3)
  - FirebaseCore (4.0.14):
    - GoogleToolboxForMac/NSData+zlib (~> 2.1)
  - FirebaseInstanceID (2.0.8):
    - FirebaseCore (~> 4.0)
  - Gloss (2.0.0)
  - GoogleToolboxForMac/Defines (2.1.3)
  - GoogleToolboxForMac/NSData+zlib (2.1.3):
    - GoogleToolboxForMac/Defines (= 2.1.3)
  - Kingfisher (3.13.1)
  - MyCheckCore (1.0.4):
    - Alamofire (~> 4.0)
  - MyCheckDine (1.3.9):
    - Gloss
    - MyCheckCore
    - MyCheckDine/Benefits (= 1.3.9)
  - MyCheckDine/Benefits (1.3.9):
    - Gloss
    - MyCheckCore
  - MyCheckDineUIWeb (1.0.9):
    - MyCheckCore
    - MyCheckDine
    - MyCheckWalletUI
    - MyCheckWalletUI/ApplePay
    - MyCheckWalletUI/MasterPass
    - MyCheckWalletUI/VisaCheckout
  - MyCheckWalletUI (1.1.0):
    - Kingfisher (~> 3.0)
    - MyCheckCore (~> 1.0.1)
    - MyCheckWalletUI/Core (= 1.1.0)
  - MyCheckWalletUI/ApplePay (1.1.0):
    - Kingfisher (~> 3.0)
    - MyCheckCore (~> 1.0.1)
    - MyCheckWalletUI/Core
  - MyCheckWalletUI/Core (1.1.0):
    - Kingfisher (~> 3.0)
    - MyCheckCore (~> 1.0.1)
  - MyCheckWalletUI/MasterPass (1.1.0):
    - Kingfisher (~> 3.0)
    - MyCheckCore (~> 1.0.1)
    - MyCheckWalletUI/Core
  - MyCheckWalletUI/VisaCheckout (1.1.0):
    - Kingfisher (~> 3.0)
    - MyCheckCore (~> 1.0.1)
    - MyCheckWalletUI/Core
  - nanopb (0.3.8):
    - nanopb/decode (= 0.3.8)
    - nanopb/encode (= 0.3.8)
  - nanopb/decode (0.3.8)
  - nanopb/encode (0.3.8)
  - Nimble (7.0.3)
  - Quick (1.0.0)

DEPENDENCIES:
  - Firebase/Core
  - MyCheckCore (from `../../MyCheck-Core`)
  - MyCheckDine (from `../`)
  - MyCheckDine/Benefits (from `../`)
  - MyCheckDineUIWeb (from `../../WebInterfaceSDK`)
  - MyCheckWalletUI (from `../../MyCheckWalletUI`)
  - MyCheckWalletUI/ApplePay (from `../../MyCheckWalletUI`)
  - MyCheckWalletUI/MasterPass (from `../../MyCheckWalletUI`)
  - MyCheckWalletUI/VisaCheckout (from `../../MyCheckWalletUI`)
  - Nimble (~> 7.0.1)
  - Quick (~> 1.0.0)

EXTERNAL SOURCES:
  MyCheckCore:
    :path: ../../MyCheck-Core
  MyCheckDine:
    :path: ../
  MyCheckDineUIWeb:
    :path: ../../WebInterfaceSDK
  MyCheckWalletUI:
    :path: ../../MyCheckWalletUI

SPEC CHECKSUMS:
  Alamofire: f41a599bd63041760b26d393ec1069d9d7b917f4
  Firebase: 2721056b8885eef90233b03f37be64358d35d262
  FirebaseAnalytics: 617afa8c26b57a0c3f11361b248bc9e17bfd8dfd
  FirebaseCore: 2e0b98fb2d64ca8140136beff15772bdd14d2dd7
  FirebaseInstanceID: 81df5805a08001e69138664bdd02c6719a9ac80f
  Gloss: b67617f327406adfd47adf20172d00680a3a31bd
  GoogleToolboxForMac: 2501e2ad72a52eb3dfe7bd9aee7dad11b858bd20
  Kingfisher: ed9707a409cc47fddafbcd12a43a9757e3600af5
  MyCheckCore: 7d3fa35834e326d8e5b6cdcdfb624e5f4bb411fa
  MyCheckDine: 74684e14e5f60eeeee618169bb9c8577fc0ad91c
  MyCheckDineUIWeb: b291e1bf446ffc223cdd28e90b17bd85f52c65af
  MyCheckWalletUI: 1057613e222c483a8031a441e08bd40a13dd5dee
  nanopb: 5601e6bca2dbf1ed831b519092ec110f66982ca3
  Nimble: 7f5a9c447a33002645a071bddafbfb24ea70e0ac
  Quick: 8024e4a47e6cc03a9d5245ef0948264fc6d27cff

PODFILE CHECKSUM: 33713f5e1d7b8b6913f058d67b707ff02a23131d

COCOAPODS: 1.3.1
